<?xml version="1.0" encoding="utf-8"?>
<Project ToolsVersion="4.0" xmlns="http://schemas.microsoft.com/developer/msbuild/2003">
  <ItemGroup>
    <Filter Include="include">
      <UniqueIdentifier>{93995380-89BD-4b04-88EB-625FBE52EBFB}</UniqueIdentifier>
      <Extensions>h;hh;hpp;hxx;h++;hm;inl;inc;ipp;xsd</Extensions>
    </Filter>
    <Filter Include="src">
      <UniqueIdentifier>{4FC737F1-C7A5-4376-A066-2A32D752A2FF}</UniqueIdentifier>
      <Extensions>cpp;c;cc;cxx;c++;cppm;ixx;def;odl;idl;hpj;bat;asm;asmx</Extensions>
    </Filter>
    <Filter Include="pch">
      <UniqueIdentifier>{5d2f8971-8c9b-4f17-8d37-d8fd29934364}</UniqueIdentifier>
    </Filter>
    <Filter Include="src\directx11">
      <UniqueIdentifier>{add8dfbb-fdf8-4523-853a-3486531a067e}</UniqueIdentifier>
    </Filter>
    <Filter Include="src\directx11\debug">
      <UniqueIdentifier>{a340f572-2ac6-476c-9de4-03e13b0b1d43}</UniqueIdentifier>
    </Filter>
    <Filter Include="src\window">
      <UniqueIdentifier>{bb5aba57-87a7-43cf-a672-8d04ec10f4d8}</UniqueIdentifier>
    </Filter>
    <Filter Include="src\opengl">
      <UniqueIdentifier>{8cf7990c-4a12-41c0-afbb-ec2d641435c5}</UniqueIdentifier>
    </Filter>
    <Filter Include="src\opengl\debug">
      <UniqueIdentifier>{8cc60dc6-1ac6-4cfe-bce3-8ef484b3daa3}</UniqueIdentifier>
    </Filter>
    <Filter Include="src\opengl\buffers">
      <UniqueIdentifier>{ed83b4cd-f31d-4b7e-b59e-e5d816f9d220}</UniqueIdentifier>
    </Filter>
    <Filter Include="src\directx11\buffers">
      <UniqueIdentifier>{c5e45e4d-a7ad-485d-b709-51c90b9765d2}</UniqueIdentifier>
    </Filter>
  </ItemGroup>
  <ItemGroup>
    <ClCompile Include="pch\pch.cpp">
      <Filter>pch</Filter>
    </ClCompile>
    <ClCompile Include="src\GraphicsAPI.cpp">
      <Filter>src</Filter>
    </ClCompile>
    <ClCompile Include="src\DirectX11API.cpp">
      <Filter>src\directx11</Filter>
    </ClCompile>
    <ClCompile Include="src\GraphicsContext.cpp">
      <Filter>src</Filter>
    </ClCompile>
    <ClCompile Include="src\DirectX11Context.cpp">
      <Filter>src\directx11</Filter>
    </ClCompile>
    <ClCompile Include="src\dxerr.cpp">
      <Filter>src\directx11\debug</Filter>
    </ClCompile>
    <ClCompile Include="src\WinAPIWindow.cpp">
      <Filter>src\window</Filter>
    </ClCompile>
    <ClCompile Include="src\Window.cpp">
      <Filter>src\window</Filter>
    </ClCompile>
    <ClCompile Include="src\GraphicsBuffer.cpp">
      <Filter>src</Filter>
    </ClCompile>
    <ClCompile Include="src\GraphicsBindableResource.cpp">
      <Filter>src</Filter>
    </ClCompile>
    <ClCompile Include="src\DirectX11Shader.cpp">
      <Filter>src\directx11</Filter>
    </ClCompile>
    <ClCompile Include="src\GraphicsInputLayout.cpp">
      <Filter>src</Filter>
    </ClCompile>
    <ClCompile Include="src\DirectX11InputLayout.cpp">
      <Filter>src\directx11</Filter>
    </ClCompile>
    <ClCompile Include="src\GraphicsRenderer.cpp">
      <Filter>src</Filter>
    </ClCompile>
    <ClCompile Include="src\DirectX11BasicRenderer.cpp">
      <Filter>src\directx11</Filter>
    </ClCompile>
    <ClCompile Include="src\OpenglAPI.cpp">
      <Filter>src\opengl</Filter>
    </ClCompile>
    <ClCompile Include="src\OpenglContext.cpp">
      <Filter>src\opengl</Filter>
    </ClCompile>
    <ClCompile Include="src\OpenglBasicRenderer.cpp">
      <Filter>src\opengl</Filter>
    </ClCompile>
    <ClCompile Include="src\OpenglInputLayout.cpp">
      <Filter>src\opengl</Filter>
    </ClCompile>
    <ClCompile Include="src\DirectX11Debug.cpp">
      <Filter>src\directx11\debug</Filter>
    </ClCompile>
    <ClCompile Include="src\OpenglDebug.cpp">
      <Filter>src\opengl\debug</Filter>
    </ClCompile>
    <ClCompile Include="src\OpenglShader.cpp">
      <Filter>src\opengl</Filter>
    </ClCompile>
    <ClCompile Include="src\GraphicsShader.cpp">
      <Filter>src</Filter>
    </ClCompile>
    <ClCompile Include="src\OpenglBufferBase.cpp">
      <Filter>src\opengl\buffers</Filter>
    </ClCompile>
    <ClCompile Include="src\OpenglConstantBuffer.cpp">
      <Filter>src\opengl\buffers</Filter>
    </ClCompile>
    <ClCompile Include="src\OpenglVertexBuffer.cpp">
      <Filter>src\opengl\buffers</Filter>
    </ClCompile>
    <ClCompile Include="src\DirectX11VertexBuffer.cpp">
      <Filter>src\directx11\buffers</Filter>
    </ClCompile>
    <ClCompile Include="src\DirectX11ContantBuffer.cpp">
      <Filter>src\directx11\buffers</Filter>
    </ClCompile>
    <ClCompile Include="src\DirectX11BufferBase.cpp">
      <Filter>src\directx11\buffers</Filter>
    </ClCompile>
    <ClCompile Include="src\DirectX11IndexBuffer.cpp">
      <Filter>src\directx11\buffers</Filter>
    </ClCompile>
    <ClCompile Include="src\OpenglIndexBuffer.cpp">
      <Filter>src\opengl\buffers</Filter>
    </ClCompile>
    <ClCompile Include="src\GraphicsTexture.cpp">
      <Filter>src</Filter>
    </ClCompile>
  </ItemGroup>
  <ItemGroup>
    <ClInclude Include="pch\pch.h">
      <Filter>pch</Filter>
    </ClInclude>
    <ClInclude Include="include\graphics.h">
      <Filter>include</Filter>
    </ClInclude>
    <ClInclude Include="src\GraphicsAPI.h">
      <Filter>src</Filter>
    </ClInclude>
    <ClInclude Include="src\DirectX11API.h">
      <Filter>src\directx11</Filter>
    </ClInclude>
    <ClInclude Include="src\GraphicsContext.h">
      <Filter>src</Filter>
    </ClInclude>
    <ClInclude Include="src\DirectX11Context.h">
      <Filter>src\directx11</Filter>
    </ClInclude>
    <ClInclude Include="src\DirectX11Debug.h">
      <Filter>src\directx11\debug</Filter>
    </ClInclude>
    <ClInclude Include="src\dxerr.h">
      <Filter>src\directx11\debug</Filter>
    </ClInclude>
    <ClInclude Include="src\WinAPIWindow.h">
      <Filter>src\window</Filter>
    </ClInclude>
    <ClInclude Include="src\Window.h">
      <Filter>src\window</Filter>
    </ClInclude>
    <ClInclude Include="src\GraphicsBuffer.h">
      <Filter>src</Filter>
    </ClInclude>
    <ClInclude Include="src\GraphicsBindableResource.h">
      <Filter>src</Filter>
    </ClInclude>
    <ClInclude Include="src\DirectX11Shader.h">
      <Filter>src\directx11</Filter>
    </ClInclude>
    <ClInclude Include="src\GraphicsInputLayout.h">
      <Filter>src</Filter>
    </ClInclude>
    <ClInclude Include="src\DirectX11InputLayout.h">
      <Filter>src\directx11</Filter>
    </ClInclude>
    <ClInclude Include="src\GraphicsRenderer.h">
      <Filter>src</Filter>
    </ClInclude>
    <ClInclude Include="src\DirectX11BasicRenderer.h">
      <Filter>src\directx11</Filter>
    </ClInclude>
    <ClInclude Include="src\OpenglAPI.h">
      <Filter>src\opengl</Filter>
    </ClInclude>
    <ClInclude Include="src\OpenglContext.h">
      <Filter>src\opengl</Filter>
    </ClInclude>
    <ClInclude Include="src\Opengl.h">
      <Filter>src\opengl</Filter>
    </ClInclude>
    <ClInclude Include="src\OpenglBasicRenderer.h">
      <Filter>src\opengl</Filter>
    </ClInclude>
    <ClInclude Include="src\OpenglInputLayout.h">
      <Filter>src\opengl</Filter>
    </ClInclude>
    <ClInclude Include="src\OpenglDebug.h">
      <Filter>src\opengl\debug</Filter>
    </ClInclude>
    <ClInclude Include="src\OpenglShader.h">
      <Filter>src\opengl</Filter>
    </ClInclude>
    <ClInclude Include="src\GraphicsShader.h">
      <Filter>src</Filter>
    </ClInclude>
    <ClInclude Include="src\OpenglBufferBase.h">
      <Filter>src\opengl\buffers</Filter>
    </ClInclude>
    <ClInclude Include="src\OpenglConstantBuffer.h">
      <Filter>src\opengl\buffers</Filter>
    </ClInclude>
    <ClInclude Include="src\OpenglVertexBuffer.h">
      <Filter>src\opengl\buffers</Filter>
    </ClInclude>
    <ClInclude Include="src\DirectX11VertexBuffer.h">
      <Filter>src\directx11\buffers</Filter>
    </ClInclude>
    <ClInclude Include="src\DirectX11ContantBuffer.h">
      <Filter>src\directx11\buffers</Filter>
    </ClInclude>
    <ClInclude Include="src\DirectX11BufferBase.h">
      <Filter>src\directx11\buffers</Filter>
    </ClInclude>
    <ClInclude Include="src\DirectX11IndexBuffer.h">
      <Filter>src\directx11\buffers</Filter>
    </ClInclude>
    <ClInclude Include="src\OpenglIndexBuffer.h">
      <Filter>src\opengl\buffers</Filter>
    </ClInclude>
    <ClInclude Include="src\GraphicsTexture.h">
      <Filter>src</Filter>
    </ClInclude>
  </ItemGroup>
  <ItemGroup>
    <None Include="src\DXGetErrorDescription.inl">
      <Filter>src\directx11\debug</Filter>
    </None>
    <None Include="src\DXGetErrorString.inl">
      <Filter>src\directx11\debug</Filter>
    </None>
    <None Include="src\DXTrace.inl">
      <Filter>src\directx11\debug</Filter>
    </None>
  </ItemGroup>
</Project>