<?xml version="1.0" encoding="utf-8"?>
<Project ToolsVersion="4.0" xmlns="http://schemas.microsoft.com/developer/msbuild/2003">
  <ItemGroup>
    <Filter Include="src">
      <UniqueIdentifier>{dfb8b40c-a27f-4167-8248-729306f92b72}</UniqueIdentifier>
    </Filter>
    <Filter Include="pch">
      <UniqueIdentifier>{57fa8d81-273b-48dd-849d-1bdccfa6edbe}</UniqueIdentifier>
    </Filter>
    <Filter Include="res">
      <UniqueIdentifier>{27644bcf-a52a-4324-9b43-197a8587e624}</UniqueIdentifier>
    </Filter>
    <Filter Include="src\opengl_layers">
      <UniqueIdentifier>{fa7f6340-3a10-4f57-a1eb-380cf9717180}</UniqueIdentifier>
    </Filter>
    <Filter Include="src\directx_layers">
      <UniqueIdentifier>{057778b6-6341-4763-91f3-c840ce37743d}</UniqueIdentifier>
    </Filter>
    <Filter Include="res\directx_shader">
      <UniqueIdentifier>{a657e2dd-4011-4361-8edc-07f7ed954eb8}</UniqueIdentifier>
    </Filter>
    <Filter Include="res\opengl_shader">
      <UniqueIdentifier>{353b141c-897a-435b-9eda-a4b9325d790d}</UniqueIdentifier>
    </Filter>
  </ItemGroup>
  <ItemGroup>
    <ClCompile Include="src\main.cpp">
      <Filter>src</Filter>
    </ClCompile>
    <ClCompile Include="pch\pch.cpp">
      <Filter>pch</Filter>
    </ClCompile>
    <ClCompile Include="src\Application.cpp">
      <Filter>src</Filter>
    </ClCompile>
    <ClCompile Include="src\Layer.cpp">
      <Filter>src</Filter>
    </ClCompile>
    <ClCompile Include="src\LayerList.cpp">
      <Filter>src</Filter>
    </ClCompile>
    <ClCompile Include="src\DirectX11Layer.cpp">
      <Filter>src\directx_layers</Filter>
    </ClCompile>
    <ClCompile Include="src\OpenGLLayer.cpp">
      <Filter>src\opengl_layers</Filter>
    </ClCompile>
  </ItemGroup>
  <ItemGroup>
    <ClInclude Include="pch\pch.h">
      <Filter>pch</Filter>
    </ClInclude>
    <ClInclude Include="src\Application.h">
      <Filter>src</Filter>
    </ClInclude>
    <ClInclude Include="src\Layer.h">
      <Filter>src</Filter>
    </ClInclude>
    <ClInclude Include="src\LayerList.h">
      <Filter>src</Filter>
    </ClInclude>
    <ClInclude Include="src\DirectX11Layer.h">
      <Filter>src\directx_layers</Filter>
    </ClInclude>
    <ClInclude Include="src\OpenGLLayer.h">
      <Filter>src\opengl_layers</Filter>
    </ClInclude>
  </ItemGroup>
  <ItemGroup>
    <FxCompile Include="res\PixelShader.hlsl">
      <Filter>res\directx_shader</Filter>
    </FxCompile>
    <FxCompile Include="res\VertexShader.hlsl">
      <Filter>res\directx_shader</Filter>
    </FxCompile>
  </ItemGroup>
  <ItemGroup>
    <None Include="res\PixelShader.fragment">
      <Filter>res\opengl_shader</Filter>
    </None>
    <None Include="res\VertexShader.vertex">
      <Filter>res\opengl_shader</Filter>
    </None>
  </ItemGroup>
</Project>