<?xml version="1.0" encoding="utf-8"?>
<Project ToolsVersion="4.0" xmlns="http://schemas.microsoft.com/developer/msbuild/2003">
  <ItemGroup>
    <Filter Include="widget">
      <UniqueIdentifier>{4FC737F1-C7A5-4376-A066-2A32D752A2FF}</UniqueIdentifier>
      <Extensions>cpp;c;cc;cxx;def;odl;idl;hpj;bat;asm;asmx</Extensions>
    </Filter>
    <Filter Include="widget\impl">
      <UniqueIdentifier>{f5abfc61-8e2a-4441-bf08-0bb0a574fe77}</UniqueIdentifier>
    </Filter>
  </ItemGroup>
  <ItemGroup>
    <ClCompile Include="widget\EngineViewWidget.cpp">
      <Filter>widget</Filter>
    </ClCompile>
    <ClCompile Include="widget\impl\EngineViewWidgetImpl.cpp">
      <Filter>widget\impl</Filter>
    </ClCompile>
  </ItemGroup>
  <ItemGroup>
    <QtMoc Include="widget\impl\EngineViewWidgetImpl.h">
      <Filter>widget\impl</Filter>
    </QtMoc>
    <QtMoc Include="widget\EngineViewWidget.h">
      <Filter>widget</Filter>
    </QtMoc>
  </ItemGroup>
</Project>