<?xml version="1.0" encoding="utf-8"?>
<Project ToolsVersion="4.0" xmlns="http://schemas.microsoft.com/developer/msbuild/2003">
  <ItemGroup>
    <Filter Include="graphics">
      <UniqueIdentifier>{4FC737F1-C7A5-4376-A066-2A32D752A2FF}</UniqueIdentifier>
      <Extensions>cpp;c;cc;cxx;c++;cppm;ixx;def;odl;idl;hpj;bat;asm;asmx</Extensions>
    </Filter>
    <Filter Include="graphics\directx">
      <UniqueIdentifier>{c7d49b1d-d852-444e-9ec0-33e64ef64730}</UniqueIdentifier>
    </Filter>
    <Filter Include="graphics\directx\buffer">
      <UniqueIdentifier>{787d3645-c345-4267-8fc3-c787b4c48a00}</UniqueIdentifier>
    </Filter>
    <Filter Include="graphics\data">
      <UniqueIdentifier>{091883c4-8385-436a-9d73-5044f82ba8bd}</UniqueIdentifier>
    </Filter>
    <Filter Include="graphics\directx\debug">
      <UniqueIdentifier>{3d62a00b-6e82-48e5-9b5a-9f42061d1187}</UniqueIdentifier>
    </Filter>
  </ItemGroup>
  <ItemGroup>
    <ClInclude Include="graphics\directx\buffer\DirectX11BufferBase.h">
      <Filter>graphics\directx\buffer</Filter>
    </ClInclude>
    <ClInclude Include="graphics\directx\buffer\DirectX11ContantBuffer.h">
      <Filter>graphics\directx\buffer</Filter>
    </ClInclude>
    <ClInclude Include="graphics\directx\buffer\DirectX11IndexBuffer.h">
      <Filter>graphics\directx\buffer</Filter>
    </ClInclude>
    <ClInclude Include="graphics\directx\buffer\DirectX11VertexBuffer.h">
      <Filter>graphics\directx\buffer</Filter>
    </ClInclude>
    <ClInclude Include="graphics\directx\debug\DirectX11Debug.h">
      <Filter>graphics\directx\debug</Filter>
    </ClInclude>
    <ClInclude Include="graphics\directx\debug\dxerr.h">
      <Filter>graphics\directx\debug</Filter>
    </ClInclude>
    <ClInclude Include="graphics\data\GraphicsMesh.h">
      <Filter>graphics\data</Filter>
    </ClInclude>
    <ClInclude Include="graphics\GraphicsAPI.h">
      <Filter>graphics</Filter>
    </ClInclude>
    <ClInclude Include="graphics\GraphicsBindableResource.h">
      <Filter>graphics</Filter>
    </ClInclude>
    <ClInclude Include="graphics\GraphicsBuffer.h">
      <Filter>graphics</Filter>
    </ClInclude>
    <ClInclude Include="graphics\GraphicsContext.h">
      <Filter>graphics</Filter>
    </ClInclude>
    <ClInclude Include="graphics\GraphicsInputLayout.h">
      <Filter>graphics</Filter>
    </ClInclude>
    <ClInclude Include="graphics\GraphicsRenderer.h">
      <Filter>graphics</Filter>
    </ClInclude>
    <ClInclude Include="graphics\GraphicsShader.h">
      <Filter>graphics</Filter>
    </ClInclude>
    <ClInclude Include="graphics\GraphicsTexture2D.h">
      <Filter>graphics</Filter>
    </ClInclude>
    <ClInclude Include="graphics\directx\DirectX11API.h">
      <Filter>graphics\directx</Filter>
    </ClInclude>
    <ClInclude Include="graphics\directx\Directx11Context.h">
      <Filter>graphics\directx</Filter>
    </ClInclude>
    <ClInclude Include="graphics\directx\DirectX11InputLayout.h">
      <Filter>graphics\directx</Filter>
    </ClInclude>
    <ClInclude Include="graphics\directx\DirectX11Renderer.h">
      <Filter>graphics\directx</Filter>
    </ClInclude>
    <ClInclude Include="graphics\directx\DirectX11Shader.h">
      <Filter>graphics\directx</Filter>
    </ClInclude>
    <ClInclude Include="graphics\directx\DirectX11Texture2D.h">
      <Filter>graphics\directx</Filter>
    </ClInclude>
    <ClInclude Include="graphics\directx\debug\DirectX11DebugInfoManager.h">
      <Filter>graphics\directx\debug</Filter>
    </ClInclude>
    <ClInclude Include="graphics\directx\debug\DirectX11Exception.h">
      <Filter>graphics\directx\debug</Filter>
    </ClInclude>
  </ItemGroup>
  <ItemGroup>
    <ClCompile Include="graphics\directx\buffer\DirectX11BufferBase.cpp">
      <Filter>graphics\directx\buffer</Filter>
    </ClCompile>
    <ClCompile Include="graphics\directx\buffer\DirectX11ContantBuffer.cpp">
      <Filter>graphics\directx\buffer</Filter>
    </ClCompile>
    <ClCompile Include="graphics\directx\buffer\DirectX11IndexBuffer.cpp">
      <Filter>graphics\directx\buffer</Filter>
    </ClCompile>
    <ClCompile Include="graphics\directx\buffer\DirectX11VertexBuffer.cpp">
      <Filter>graphics\directx\buffer</Filter>
    </ClCompile>
    <ClCompile Include="graphics\directx\debug\DirectX11Debug.cpp">
      <Filter>graphics\directx\debug</Filter>
    </ClCompile>
    <ClCompile Include="graphics\directx\debug\dxerr.cpp">
      <Filter>graphics\directx\debug</Filter>
    </ClCompile>
    <ClCompile Include="graphics\data\GraphicsMesh.cpp">
      <Filter>graphics\data</Filter>
    </ClCompile>
    <ClCompile Include="graphics\GraphicsAPI.cpp">
      <Filter>graphics</Filter>
    </ClCompile>
    <ClCompile Include="graphics\GraphicsBindableResource.cpp">
      <Filter>graphics</Filter>
    </ClCompile>
    <ClCompile Include="graphics\GraphicsBuffer.cpp">
      <Filter>graphics</Filter>
    </ClCompile>
    <ClCompile Include="graphics\GraphicsContext.cpp">
      <Filter>graphics</Filter>
    </ClCompile>
    <ClCompile Include="graphics\GraphicsInputLayout.cpp">
      <Filter>graphics</Filter>
    </ClCompile>
    <ClCompile Include="graphics\GraphicsRenderer.cpp">
      <Filter>graphics</Filter>
    </ClCompile>
    <ClCompile Include="graphics\GraphicsShader.cpp">
      <Filter>graphics</Filter>
    </ClCompile>
    <ClCompile Include="graphics\GraphicsTexture2D.cpp">
      <Filter>graphics</Filter>
    </ClCompile>
    <ClCompile Include="graphics\directx\DirectX11API.cpp">
      <Filter>graphics\directx</Filter>
    </ClCompile>
    <ClCompile Include="graphics\directx\Directx11Context.cpp">
      <Filter>graphics\directx</Filter>
    </ClCompile>
    <ClCompile Include="graphics\directx\DirectX11InputLayout.cpp">
      <Filter>graphics\directx</Filter>
    </ClCompile>
    <ClCompile Include="graphics\directx\DirectX11Renderer.cpp">
      <Filter>graphics\directx</Filter>
    </ClCompile>
    <ClCompile Include="graphics\directx\DirectX11Shader.cpp">
      <Filter>graphics\directx</Filter>
    </ClCompile>
    <ClCompile Include="graphics\directx\DirectX11Texture2D.cpp">
      <Filter>graphics\directx</Filter>
    </ClCompile>
    <ClCompile Include="graphics\directx\debug\DirectX11DebugInfoManager.cpp">
      <Filter>graphics\directx\debug</Filter>
    </ClCompile>
    <ClCompile Include="graphics\directx\debug\DirectX11Exception.cpp">
      <Filter>graphics\directx\debug</Filter>
    </ClCompile>
  </ItemGroup>
  <ItemGroup>
    <None Include="graphics\directx\debug\DXGetErrorDescription.inl">
      <Filter>graphics\directx\debug</Filter>
    </None>
    <None Include="graphics\directx\debug\DXGetErrorString.inl">
      <Filter>graphics\directx\debug</Filter>
    </None>
    <None Include="graphics\directx\debug\DXTrace.inl">
      <Filter>graphics\directx\debug</Filter>
    </None>
  </ItemGroup>
</Project>