
Microsoft Visual Studio Solution File, Format Version 12.00
# Visual Studio Version 16
VisualStudioVersion = 16.0.30907.101
MinimumVisualStudioVersion = 10.0.40219.1
Project("{8BC9CEB8-8B4A-11D0-8D11-00A0C91BC942}") = "DirectX", "DirectX\DirectX.vcxproj", "{9E5A0C46-A9DF-4690-A05E-BA2D24343E36}"
	ProjectSection(ProjectDependencies) = postProject
		{10967DA7-DD20-4003-B270-D25F086216BA} = {10967DA7-DD20-4003-B270-D25F086216BA}
	EndProjectSection
EndProject
Project("{8BC9CEB8-8B4A-11D0-8D11-00A0C91BC942}") = "utils", "utils\utils.vcxproj", "{10967DA7-DD20-4003-B270-D25F086216BA}"
EndProject
Global
	GlobalSection(SolutionConfigurationPlatforms) = preSolution
		Debug|x64 = Debug|x64
		Debug|x86 = Debug|x86
		Release|x64 = Release|x64
		Release|x86 = Release|x86
	EndGlobalSection
	GlobalSection(ProjectConfigurationPlatforms) = postSolution
		{9E5A0C46-A9DF-4690-A05E-BA2D24343E36}.Debug|x64.ActiveCfg = Debug|x64
		{9E5A0C46-A9DF-4690-A05E-BA2D24343E36}.Debug|x64.Build.0 = Debug|x64
		{9E5A0C46-A9DF-4690-A05E-BA2D24343E36}.Debug|x86.ActiveCfg = Debug|Win32
		{9E5A0C46-A9DF-4690-A05E-BA2D24343E36}.Debug|x86.Build.0 = Debug|Win32
		{9E5A0C46-A9DF-4690-A05E-BA2D24343E36}.Release|x64.ActiveCfg = Release|x64
		{9E5A0C46-A9DF-4690-A05E-BA2D24343E36}.Release|x64.Build.0 = Release|x64
		{9E5A0C46-A9DF-4690-A05E-BA2D24343E36}.Release|x86.ActiveCfg = Release|Win32
		{9E5A0C46-A9DF-4690-A05E-BA2D24343E36}.Release|x86.Build.0 = Release|Win32
		{10967DA7-DD20-4003-B270-D25F086216BA}.Debug|x64.ActiveCfg = Debug|x64
		{10967DA7-DD20-4003-B270-D25F086216BA}.Debug|x64.Build.0 = Debug|x64
		{10967DA7-DD20-4003-B270-D25F086216BA}.Debug|x86.ActiveCfg = Debug|Win32
		{10967DA7-DD20-4003-B270-D25F086216BA}.Debug|x86.Build.0 = Debug|Win32
		{10967DA7-DD20-4003-B270-D25F086216BA}.Release|x64.ActiveCfg = Release|x64
		{10967DA7-DD20-4003-B270-D25F086216BA}.Release|x64.Build.0 = Release|x64
		{10967DA7-DD20-4003-B270-D25F086216BA}.Release|x86.ActiveCfg = Release|Win32
		{10967DA7-DD20-4003-B270-D25F086216BA}.Release|x86.Build.0 = Release|Win32
	EndGlobalSection
	GlobalSection(SolutionProperties) = preSolution
		HideSolutionNode = FALSE
	EndGlobalSection
	GlobalSection(ExtensibilityGlobals) = postSolution
		SolutionGuid = {8020EFC2-9BD0-4816-8264-3F03C67FEFDD}
	EndGlobalSection
EndGlobal
