
Microsoft Visual Studio Solution File, Format Version 12.00
# Visual Studio Version 16
VisualStudioVersion = 16.0.31025.194
MinimumVisualStudioVersion = 10.0.40219.1
Project("{8BC9CEB8-8B4A-11D0-8D11-00A0C91BC942}") = "Editor", "Editor\Editor.vcxproj", "{17E01AA8-20DF-4B5E-AEBD-5D52FB3353F0}"
EndProject
Project("{2150E333-8FDC-42A3-9474-1A3956D46DE8}") = "Editor", "Editor", "{7C529810-D084-4F5D-9361-904B46B4D3FC}"
EndProject
Project("{2150E333-8FDC-42A3-9474-1A3956D46DE8}") = "Core", "Core", "{6BF0C4A8-813D-40D3-89FE-06092027177E}"
EndProject
Project("{2150E333-8FDC-42A3-9474-1A3956D46DE8}") = "gui", "gui", "{1741DF50-8041-4E21-BEED-2AF26BFC2EEB}"
EndProject
Project("{8BC9CEB8-8B4A-11D0-8D11-00A0C91BC942}") = "HierarchyWidget", "Editor\gui\HierarchyWidget\HierarchyWidget.vcxproj", "{012E8E66-1B41-4C74-9255-89EED1D2FFAD}"
EndProject
Project("{8BC9CEB8-8B4A-11D0-8D11-00A0C91BC942}") = "OutputWidget", "Editor\gui\OutputWidget\OutputWidget.vcxproj", "{071216A2-E9AC-49E0-A60F-A3EED82FF5C4}"
EndProject
Project("{8BC9CEB8-8B4A-11D0-8D11-00A0C91BC942}") = "InspectorWidget", "Editor\gui\InspectorWidget\InspectorWidget.vcxproj", "{0772E707-170E-4F4B-971E-38089BB728A0}"
EndProject
Project("{8BC9CEB8-8B4A-11D0-8D11-00A0C91BC942}") = "EngineViewWidget", "Editor\gui\EngineViewWidget\EngineViewWidget.vcxproj", "{69A660AF-FACB-439B-814D-454EA2E25600}"
EndProject
Project("{8BC9CEB8-8B4A-11D0-8D11-00A0C91BC942}") = "PawnEngine", "Core\PawnEngine\PawnEngine.vcxproj", "{550DBB28-816C-4CC6-B90C-564891BD8C99}"
EndProject
Project("{8BC9CEB8-8B4A-11D0-8D11-00A0C91BC942}") = "PawnGraphics", "Core\PawnGraphics\PawnGraphics.vcxproj", "{B01544F3-830B-478A-B76F-C0FFA1F466D5}"
EndProject
Project("{8BC9CEB8-8B4A-11D0-8D11-00A0C91BC942}") = "PawnMath", "Core\PawnMath\PawnMath.vcxproj", "{7D6D9221-3B78-4C0F-B425-71D41F6D9E7B}"
EndProject
Project("{8BC9CEB8-8B4A-11D0-8D11-00A0C91BC942}") = "PawnUtils", "Core\PawnUtils\PawnUtils.vcxproj", "{A85C2813-3EE7-42F9-97EC-889534499250}"
EndProject
Project("{8BC9CEB8-8B4A-11D0-8D11-00A0C91BC942}") = "PawnSystem", "Core\PawnSystem\PawnSystem.vcxproj", "{536EFE47-0157-4C1B-A551-C1DD390DB595}"
EndProject
Project("{8BC9CEB8-8B4A-11D0-8D11-00A0C91BC942}") = "QtAdvancedDocking", "Editor\gui\QtAdvancedDocking\QtAdvancedDocking.vcxproj", "{A62AAD52-E086-4927-B15A-D9C010A72C4B}"
EndProject
Project("{2150E333-8FDC-42A3-9474-1A3956D46DE8}") = "Projects", "Projects", "{A9B4D448-93E8-4AE4-B306-220CA68CEF01}"
EndProject
Project("{8BC9CEB8-8B4A-11D0-8D11-00A0C91BC942}") = "ExampleApplication", "Projects\ExampleApplication\ExampleApplication.vcxproj", "{22B9F24D-5B47-4047-8695-3FC99C9B306E}"
EndProject
Project("{8BC9CEB8-8B4A-11D0-8D11-00A0C91BC942}") = "PawnNetwork", "Core\PawnNetwork\PawnNetwork.vcxproj", "{55FBAAD0-23C7-422B-A700-7CCD9ECA8FEA}"
EndProject
Project("{8BC9CEB8-8B4A-11D0-8D11-00A0C91BC942}") = "EnvironmentWidget", "Editor\gui\EnvironmentWidget\EnvironmentWidget.vcxproj", "{395FBB03-C953-4BDB-8769-0AAE45EF0C6C}"
EndProject
Project("{8BC9CEB8-8B4A-11D0-8D11-00A0C91BC942}") = "CommonWidgets", "Editor\gui\CommonWidgets\CommonWidgets.vcxproj", "{D0CB28DD-D0BB-484A-8EB3-D67C6A98C164}"
EndProject
Global
	GlobalSection(SolutionConfigurationPlatforms) = preSolution
		Debug|x64 = Debug|x64
		Release|x64 = Release|x64
	EndGlobalSection
	GlobalSection(ProjectConfigurationPlatforms) = postSolution
		{17E01AA8-20DF-4B5E-AEBD-5D52FB3353F0}.Debug|x64.ActiveCfg = Debug|x64
		{17E01AA8-20DF-4B5E-AEBD-5D52FB3353F0}.Debug|x64.Build.0 = Debug|x64
		{17E01AA8-20DF-4B5E-AEBD-5D52FB3353F0}.Release|x64.ActiveCfg = Release|x64
		{17E01AA8-20DF-4B5E-AEBD-5D52FB3353F0}.Release|x64.Build.0 = Release|x64
		{012E8E66-1B41-4C74-9255-89EED1D2FFAD}.Debug|x64.ActiveCfg = Debug|x64
		{012E8E66-1B41-4C74-9255-89EED1D2FFAD}.Debug|x64.Build.0 = Debug|x64
		{012E8E66-1B41-4C74-9255-89EED1D2FFAD}.Release|x64.ActiveCfg = Release|x64
		{012E8E66-1B41-4C74-9255-89EED1D2FFAD}.Release|x64.Build.0 = Release|x64
		{071216A2-E9AC-49E0-A60F-A3EED82FF5C4}.Debug|x64.ActiveCfg = Debug|x64
		{071216A2-E9AC-49E0-A60F-A3EED82FF5C4}.Debug|x64.Build.0 = Debug|x64
		{071216A2-E9AC-49E0-A60F-A3EED82FF5C4}.Release|x64.ActiveCfg = Release|x64
		{071216A2-E9AC-49E0-A60F-A3EED82FF5C4}.Release|x64.Build.0 = Release|x64
		{0772E707-170E-4F4B-971E-38089BB728A0}.Debug|x64.ActiveCfg = Debug|x64
		{0772E707-170E-4F4B-971E-38089BB728A0}.Debug|x64.Build.0 = Debug|x64
		{0772E707-170E-4F4B-971E-38089BB728A0}.Release|x64.ActiveCfg = Release|x64
		{0772E707-170E-4F4B-971E-38089BB728A0}.Release|x64.Build.0 = Release|x64
		{69A660AF-FACB-439B-814D-454EA2E25600}.Debug|x64.ActiveCfg = Debug|x64
		{69A660AF-FACB-439B-814D-454EA2E25600}.Debug|x64.Build.0 = Debug|x64
		{69A660AF-FACB-439B-814D-454EA2E25600}.Release|x64.ActiveCfg = Release|x64
		{69A660AF-FACB-439B-814D-454EA2E25600}.Release|x64.Build.0 = Release|x64
		{550DBB28-816C-4CC6-B90C-564891BD8C99}.Debug|x64.ActiveCfg = Debug|x64
		{550DBB28-816C-4CC6-B90C-564891BD8C99}.Debug|x64.Build.0 = Debug|x64
		{550DBB28-816C-4CC6-B90C-564891BD8C99}.Release|x64.ActiveCfg = Release|x64
		{550DBB28-816C-4CC6-B90C-564891BD8C99}.Release|x64.Build.0 = Release|x64
		{B01544F3-830B-478A-B76F-C0FFA1F466D5}.Debug|x64.ActiveCfg = Debug|x64
		{B01544F3-830B-478A-B76F-C0FFA1F466D5}.Debug|x64.Build.0 = Debug|x64
		{B01544F3-830B-478A-B76F-C0FFA1F466D5}.Release|x64.ActiveCfg = Release|x64
		{B01544F3-830B-478A-B76F-C0FFA1F466D5}.Release|x64.Build.0 = Release|x64
		{7D6D9221-3B78-4C0F-B425-71D41F6D9E7B}.Debug|x64.ActiveCfg = Debug|x64
		{7D6D9221-3B78-4C0F-B425-71D41F6D9E7B}.Debug|x64.Build.0 = Debug|x64
		{7D6D9221-3B78-4C0F-B425-71D41F6D9E7B}.Release|x64.ActiveCfg = Release|x64
		{7D6D9221-3B78-4C0F-B425-71D41F6D9E7B}.Release|x64.Build.0 = Release|x64
		{A85C2813-3EE7-42F9-97EC-889534499250}.Debug|x64.ActiveCfg = Debug|x64
		{A85C2813-3EE7-42F9-97EC-889534499250}.Debug|x64.Build.0 = Debug|x64
		{A85C2813-3EE7-42F9-97EC-889534499250}.Release|x64.ActiveCfg = Release|x64
		{A85C2813-3EE7-42F9-97EC-889534499250}.Release|x64.Build.0 = Release|x64
		{536EFE47-0157-4C1B-A551-C1DD390DB595}.Debug|x64.ActiveCfg = Debug|x64
		{536EFE47-0157-4C1B-A551-C1DD390DB595}.Debug|x64.Build.0 = Debug|x64
		{536EFE47-0157-4C1B-A551-C1DD390DB595}.Release|x64.ActiveCfg = Release|x64
		{536EFE47-0157-4C1B-A551-C1DD390DB595}.Release|x64.Build.0 = Release|x64
		{A62AAD52-E086-4927-B15A-D9C010A72C4B}.Debug|x64.ActiveCfg = Debug|x64
		{A62AAD52-E086-4927-B15A-D9C010A72C4B}.Debug|x64.Build.0 = Debug|x64
		{A62AAD52-E086-4927-B15A-D9C010A72C4B}.Release|x64.ActiveCfg = Release|x64
		{A62AAD52-E086-4927-B15A-D9C010A72C4B}.Release|x64.Build.0 = Release|x64
		{22B9F24D-5B47-4047-8695-3FC99C9B306E}.Debug|x64.ActiveCfg = Debug|x64
		{22B9F24D-5B47-4047-8695-3FC99C9B306E}.Debug|x64.Build.0 = Debug|x64
		{22B9F24D-5B47-4047-8695-3FC99C9B306E}.Release|x64.ActiveCfg = Release|x64
		{22B9F24D-5B47-4047-8695-3FC99C9B306E}.Release|x64.Build.0 = Release|x64
		{55FBAAD0-23C7-422B-A700-7CCD9ECA8FEA}.Debug|x64.ActiveCfg = Debug|x64
		{55FBAAD0-23C7-422B-A700-7CCD9ECA8FEA}.Debug|x64.Build.0 = Debug|x64
		{55FBAAD0-23C7-422B-A700-7CCD9ECA8FEA}.Release|x64.ActiveCfg = Release|x64
		{55FBAAD0-23C7-422B-A700-7CCD9ECA8FEA}.Release|x64.Build.0 = Release|x64
		{395FBB03-C953-4BDB-8769-0AAE45EF0C6C}.Debug|x64.ActiveCfg = Debug|x64
		{395FBB03-C953-4BDB-8769-0AAE45EF0C6C}.Debug|x64.Build.0 = Debug|x64
		{395FBB03-C953-4BDB-8769-0AAE45EF0C6C}.Release|x64.ActiveCfg = Release|x64
		{395FBB03-C953-4BDB-8769-0AAE45EF0C6C}.Release|x64.Build.0 = Release|x64
		{D0CB28DD-D0BB-484A-8EB3-D67C6A98C164}.Debug|x64.ActiveCfg = Debug|x64
		{D0CB28DD-D0BB-484A-8EB3-D67C6A98C164}.Debug|x64.Build.0 = Debug|x64
		{D0CB28DD-D0BB-484A-8EB3-D67C6A98C164}.Release|x64.ActiveCfg = Release|x64
		{D0CB28DD-D0BB-484A-8EB3-D67C6A98C164}.Release|x64.Build.0 = Release|x64
	EndGlobalSection
	GlobalSection(SolutionProperties) = preSolution
		HideSolutionNode = FALSE
	EndGlobalSection
	GlobalSection(NestedProjects) = preSolution
		{17E01AA8-20DF-4B5E-AEBD-5D52FB3353F0} = {7C529810-D084-4F5D-9361-904B46B4D3FC}
		{1741DF50-8041-4E21-BEED-2AF26BFC2EEB} = {7C529810-D084-4F5D-9361-904B46B4D3FC}
		{012E8E66-1B41-4C74-9255-89EED1D2FFAD} = {1741DF50-8041-4E21-BEED-2AF26BFC2EEB}
		{071216A2-E9AC-49E0-A60F-A3EED82FF5C4} = {1741DF50-8041-4E21-BEED-2AF26BFC2EEB}
		{0772E707-170E-4F4B-971E-38089BB728A0} = {1741DF50-8041-4E21-BEED-2AF26BFC2EEB}
		{69A660AF-FACB-439B-814D-454EA2E25600} = {1741DF50-8041-4E21-BEED-2AF26BFC2EEB}
		{550DBB28-816C-4CC6-B90C-564891BD8C99} = {6BF0C4A8-813D-40D3-89FE-06092027177E}
		{B01544F3-830B-478A-B76F-C0FFA1F466D5} = {6BF0C4A8-813D-40D3-89FE-06092027177E}
		{7D6D9221-3B78-4C0F-B425-71D41F6D9E7B} = {6BF0C4A8-813D-40D3-89FE-06092027177E}
		{A85C2813-3EE7-42F9-97EC-889534499250} = {6BF0C4A8-813D-40D3-89FE-06092027177E}
		{536EFE47-0157-4C1B-A551-C1DD390DB595} = {6BF0C4A8-813D-40D3-89FE-06092027177E}
		{A62AAD52-E086-4927-B15A-D9C010A72C4B} = {1741DF50-8041-4E21-BEED-2AF26BFC2EEB}
		{22B9F24D-5B47-4047-8695-3FC99C9B306E} = {A9B4D448-93E8-4AE4-B306-220CA68CEF01}
		{55FBAAD0-23C7-422B-A700-7CCD9ECA8FEA} = {6BF0C4A8-813D-40D3-89FE-06092027177E}
		{395FBB03-C953-4BDB-8769-0AAE45EF0C6C} = {1741DF50-8041-4E21-BEED-2AF26BFC2EEB}
		{D0CB28DD-D0BB-484A-8EB3-D67C6A98C164} = {1741DF50-8041-4E21-BEED-2AF26BFC2EEB}
	EndGlobalSection
	GlobalSection(ExtensibilityGlobals) = postSolution
		SolutionGuid = {0B9A2FA9-10F0-42FD-9777-13A24524E54E}
	EndGlobalSection
EndGlobal
