
Microsoft Visual Studio Solution File, Format Version 12.00
# Visual Studio Version 16
VisualStudioVersion = 16.0.30907.101
MinimumVisualStudioVersion = 10.0.40219.1
Project("{8BC9CEB8-8B4A-11D0-8D11-00A0C91BC942}") = "PawnEngineApp", "PawnEngineApp\PawnEngineApp.vcxproj", "{9E5A0C46-A9DF-4690-A05E-BA2D24343E36}"
	ProjectSection(ProjectDependencies) = postProject
		{3C1EE475-E5D9-496A-8D35-DC2A05362BFD} = {3C1EE475-E5D9-496A-8D35-DC2A05362BFD}
		{10967DA7-DD20-4003-B270-D25F086216BA} = {10967DA7-DD20-4003-B270-D25F086216BA}
	EndProjectSection
EndProject
Project("{8BC9CEB8-8B4A-11D0-8D11-00A0C91BC942}") = "Utils", "Utils\Utils.vcxproj", "{10967DA7-DD20-4003-B270-D25F086216BA}"
EndProject
Project("{8BC9CEB8-8B4A-11D0-8D11-00A0C91BC942}") = "Math", "Math\Math.vcxproj", "{3C1EE475-E5D9-496A-8D35-DC2A05362BFD}"
EndProject
Project("{8BC9CEB8-8B4A-11D0-8D11-00A0C91BC942}") = "Graphics", "Graphics\Graphics.vcxproj", "{3CA759D2-5D17-42DF-8806-6297E2FA4CF8}"
EndProject
Project("{8BC9CEB8-8B4A-11D0-8D11-00A0C91BC942}") = "PawnEngineLib", "PawnEngineLib\PawnEngineLib.vcxproj", "{BC6605EE-ECC3-4047-93BD-97EA406FC626}"
EndProject
Global
	GlobalSection(SolutionConfigurationPlatforms) = preSolution
		Debug_DirectX|x64 = Debug_DirectX|x64
		Debug_DirectX|x86 = Debug_DirectX|x86
		Debug_OpenGL|x64 = Debug_OpenGL|x64
		Debug_OpenGL|x86 = Debug_OpenGL|x86
		Release_DirectX|x64 = Release_DirectX|x64
		Release_DirectX|x86 = Release_DirectX|x86
		Release_OpenGL|x64 = Release_OpenGL|x64
		Release_OpenGL|x86 = Release_OpenGL|x86
	EndGlobalSection
	GlobalSection(ProjectConfigurationPlatforms) = postSolution
		{9E5A0C46-A9DF-4690-A05E-BA2D24343E36}.Debug_DirectX|x64.ActiveCfg = Debug|x64
		{9E5A0C46-A9DF-4690-A05E-BA2D24343E36}.Debug_DirectX|x64.Build.0 = Debug|x64
		{9E5A0C46-A9DF-4690-A05E-BA2D24343E36}.Debug_DirectX|x86.ActiveCfg = Debug|Win32
		{9E5A0C46-A9DF-4690-A05E-BA2D24343E36}.Debug_DirectX|x86.Build.0 = Debug|Win32
		{9E5A0C46-A9DF-4690-A05E-BA2D24343E36}.Debug_OpenGL|x64.ActiveCfg = Debug_OpenGL|x64
		{9E5A0C46-A9DF-4690-A05E-BA2D24343E36}.Debug_OpenGL|x64.Build.0 = Debug_OpenGL|x64
		{9E5A0C46-A9DF-4690-A05E-BA2D24343E36}.Debug_OpenGL|x86.ActiveCfg = Debug_OpenGL|Win32
		{9E5A0C46-A9DF-4690-A05E-BA2D24343E36}.Debug_OpenGL|x86.Build.0 = Debug_OpenGL|Win32
		{9E5A0C46-A9DF-4690-A05E-BA2D24343E36}.Release_DirectX|x64.ActiveCfg = Release|x64
		{9E5A0C46-A9DF-4690-A05E-BA2D24343E36}.Release_DirectX|x64.Build.0 = Release|x64
		{9E5A0C46-A9DF-4690-A05E-BA2D24343E36}.Release_DirectX|x86.ActiveCfg = Release|Win32
		{9E5A0C46-A9DF-4690-A05E-BA2D24343E36}.Release_DirectX|x86.Build.0 = Release|Win32
		{9E5A0C46-A9DF-4690-A05E-BA2D24343E36}.Release_OpenGL|x64.ActiveCfg = Release_OpenGL|x64
		{9E5A0C46-A9DF-4690-A05E-BA2D24343E36}.Release_OpenGL|x64.Build.0 = Release_OpenGL|x64
		{9E5A0C46-A9DF-4690-A05E-BA2D24343E36}.Release_OpenGL|x86.ActiveCfg = Release_OpenGL|Win32
		{9E5A0C46-A9DF-4690-A05E-BA2D24343E36}.Release_OpenGL|x86.Build.0 = Release_OpenGL|Win32
		{10967DA7-DD20-4003-B270-D25F086216BA}.Debug_DirectX|x64.ActiveCfg = Debug|x64
		{10967DA7-DD20-4003-B270-D25F086216BA}.Debug_DirectX|x64.Build.0 = Debug|x64
		{10967DA7-DD20-4003-B270-D25F086216BA}.Debug_DirectX|x86.ActiveCfg = Debug|Win32
		{10967DA7-DD20-4003-B270-D25F086216BA}.Debug_DirectX|x86.Build.0 = Debug|Win32
		{10967DA7-DD20-4003-B270-D25F086216BA}.Debug_OpenGL|x64.ActiveCfg = Debug_OpenGL|x64
		{10967DA7-DD20-4003-B270-D25F086216BA}.Debug_OpenGL|x64.Build.0 = Debug_OpenGL|x64
		{10967DA7-DD20-4003-B270-D25F086216BA}.Debug_OpenGL|x86.ActiveCfg = Debug_OpenGL|Win32
		{10967DA7-DD20-4003-B270-D25F086216BA}.Debug_OpenGL|x86.Build.0 = Debug_OpenGL|Win32
		{10967DA7-DD20-4003-B270-D25F086216BA}.Release_DirectX|x64.ActiveCfg = Release|x64
		{10967DA7-DD20-4003-B270-D25F086216BA}.Release_DirectX|x64.Build.0 = Release|x64
		{10967DA7-DD20-4003-B270-D25F086216BA}.Release_DirectX|x86.ActiveCfg = Release|Win32
		{10967DA7-DD20-4003-B270-D25F086216BA}.Release_DirectX|x86.Build.0 = Release|Win32
		{10967DA7-DD20-4003-B270-D25F086216BA}.Release_OpenGL|x64.ActiveCfg = Release_OpenGL|x64
		{10967DA7-DD20-4003-B270-D25F086216BA}.Release_OpenGL|x64.Build.0 = Release_OpenGL|x64
		{10967DA7-DD20-4003-B270-D25F086216BA}.Release_OpenGL|x86.ActiveCfg = Release_OpenGL|Win32
		{10967DA7-DD20-4003-B270-D25F086216BA}.Release_OpenGL|x86.Build.0 = Release_OpenGL|Win32
		{3C1EE475-E5D9-496A-8D35-DC2A05362BFD}.Debug_DirectX|x64.ActiveCfg = Debug|x64
		{3C1EE475-E5D9-496A-8D35-DC2A05362BFD}.Debug_DirectX|x64.Build.0 = Debug|x64
		{3C1EE475-E5D9-496A-8D35-DC2A05362BFD}.Debug_DirectX|x86.ActiveCfg = Debug|Win32
		{3C1EE475-E5D9-496A-8D35-DC2A05362BFD}.Debug_DirectX|x86.Build.0 = Debug|Win32
		{3C1EE475-E5D9-496A-8D35-DC2A05362BFD}.Debug_OpenGL|x64.ActiveCfg = Debug_OpenGL|x64
		{3C1EE475-E5D9-496A-8D35-DC2A05362BFD}.Debug_OpenGL|x64.Build.0 = Debug_OpenGL|x64
		{3C1EE475-E5D9-496A-8D35-DC2A05362BFD}.Debug_OpenGL|x86.ActiveCfg = Debug_OpenGL|Win32
		{3C1EE475-E5D9-496A-8D35-DC2A05362BFD}.Debug_OpenGL|x86.Build.0 = Debug_OpenGL|Win32
		{3C1EE475-E5D9-496A-8D35-DC2A05362BFD}.Release_DirectX|x64.ActiveCfg = Release|x64
		{3C1EE475-E5D9-496A-8D35-DC2A05362BFD}.Release_DirectX|x64.Build.0 = Release|x64
		{3C1EE475-E5D9-496A-8D35-DC2A05362BFD}.Release_DirectX|x86.ActiveCfg = Release|Win32
		{3C1EE475-E5D9-496A-8D35-DC2A05362BFD}.Release_DirectX|x86.Build.0 = Release|Win32
		{3C1EE475-E5D9-496A-8D35-DC2A05362BFD}.Release_OpenGL|x64.ActiveCfg = Release_OpenGL|x64
		{3C1EE475-E5D9-496A-8D35-DC2A05362BFD}.Release_OpenGL|x64.Build.0 = Release_OpenGL|x64
		{3C1EE475-E5D9-496A-8D35-DC2A05362BFD}.Release_OpenGL|x86.ActiveCfg = Release_OpenGL|Win32
		{3C1EE475-E5D9-496A-8D35-DC2A05362BFD}.Release_OpenGL|x86.Build.0 = Release_OpenGL|Win32
		{3CA759D2-5D17-42DF-8806-6297E2FA4CF8}.Debug_DirectX|x64.ActiveCfg = Debug|x64
		{3CA759D2-5D17-42DF-8806-6297E2FA4CF8}.Debug_DirectX|x64.Build.0 = Debug|x64
		{3CA759D2-5D17-42DF-8806-6297E2FA4CF8}.Debug_DirectX|x86.ActiveCfg = Debug|Win32
		{3CA759D2-5D17-42DF-8806-6297E2FA4CF8}.Debug_DirectX|x86.Build.0 = Debug|Win32
		{3CA759D2-5D17-42DF-8806-6297E2FA4CF8}.Debug_OpenGL|x64.ActiveCfg = Debug_OpenGL|x64
		{3CA759D2-5D17-42DF-8806-6297E2FA4CF8}.Debug_OpenGL|x64.Build.0 = Debug_OpenGL|x64
		{3CA759D2-5D17-42DF-8806-6297E2FA4CF8}.Debug_OpenGL|x86.ActiveCfg = Debug_OpenGL|Win32
		{3CA759D2-5D17-42DF-8806-6297E2FA4CF8}.Debug_OpenGL|x86.Build.0 = Debug_OpenGL|Win32
		{3CA759D2-5D17-42DF-8806-6297E2FA4CF8}.Release_DirectX|x64.ActiveCfg = Release|x64
		{3CA759D2-5D17-42DF-8806-6297E2FA4CF8}.Release_DirectX|x64.Build.0 = Release|x64
		{3CA759D2-5D17-42DF-8806-6297E2FA4CF8}.Release_DirectX|x86.ActiveCfg = Release|Win32
		{3CA759D2-5D17-42DF-8806-6297E2FA4CF8}.Release_DirectX|x86.Build.0 = Release|Win32
		{3CA759D2-5D17-42DF-8806-6297E2FA4CF8}.Release_OpenGL|x64.ActiveCfg = Release_OpenGL|x64
		{3CA759D2-5D17-42DF-8806-6297E2FA4CF8}.Release_OpenGL|x64.Build.0 = Release_OpenGL|x64
		{3CA759D2-5D17-42DF-8806-6297E2FA4CF8}.Release_OpenGL|x86.ActiveCfg = Release_OpenGL|Win32
		{3CA759D2-5D17-42DF-8806-6297E2FA4CF8}.Release_OpenGL|x86.Build.0 = Release_OpenGL|Win32
		{BC6605EE-ECC3-4047-93BD-97EA406FC626}.Debug_DirectX|x64.ActiveCfg = Debug|x64
		{BC6605EE-ECC3-4047-93BD-97EA406FC626}.Debug_DirectX|x64.Build.0 = Debug|x64
		{BC6605EE-ECC3-4047-93BD-97EA406FC626}.Debug_DirectX|x86.ActiveCfg = Debug|Win32
		{BC6605EE-ECC3-4047-93BD-97EA406FC626}.Debug_DirectX|x86.Build.0 = Debug|Win32
		{BC6605EE-ECC3-4047-93BD-97EA406FC626}.Debug_OpenGL|x64.ActiveCfg = Debug_OpenGL|x64
		{BC6605EE-ECC3-4047-93BD-97EA406FC626}.Debug_OpenGL|x64.Build.0 = Debug_OpenGL|x64
		{BC6605EE-ECC3-4047-93BD-97EA406FC626}.Debug_OpenGL|x86.ActiveCfg = Debug_OpenGL|Win32
		{BC6605EE-ECC3-4047-93BD-97EA406FC626}.Debug_OpenGL|x86.Build.0 = Debug_OpenGL|Win32
		{BC6605EE-ECC3-4047-93BD-97EA406FC626}.Release_DirectX|x64.ActiveCfg = Release|x64
		{BC6605EE-ECC3-4047-93BD-97EA406FC626}.Release_DirectX|x64.Build.0 = Release|x64
		{BC6605EE-ECC3-4047-93BD-97EA406FC626}.Release_DirectX|x86.ActiveCfg = Release|Win32
		{BC6605EE-ECC3-4047-93BD-97EA406FC626}.Release_DirectX|x86.Build.0 = Release|Win32
		{BC6605EE-ECC3-4047-93BD-97EA406FC626}.Release_OpenGL|x64.ActiveCfg = Release_OpenGL|x64
		{BC6605EE-ECC3-4047-93BD-97EA406FC626}.Release_OpenGL|x64.Build.0 = Release_OpenGL|x64
		{BC6605EE-ECC3-4047-93BD-97EA406FC626}.Release_OpenGL|x86.ActiveCfg = Release_OpenGL|Win32
		{BC6605EE-ECC3-4047-93BD-97EA406FC626}.Release_OpenGL|x86.Build.0 = Release_OpenGL|Win32
	EndGlobalSection
	GlobalSection(SolutionProperties) = preSolution
		HideSolutionNode = FALSE
	EndGlobalSection
	GlobalSection(ExtensibilityGlobals) = postSolution
		SolutionGuid = {8020EFC2-9BD0-4816-8264-3F03C67FEFDD}
	EndGlobalSection
EndGlobal
