<?xml version="1.0" encoding="utf-8"?>
<Project ToolsVersion="4.0" xmlns="http://schemas.microsoft.com/developer/msbuild/2003">
  <ItemGroup>
    <Filter Include="src">
      <UniqueIdentifier>{4FC737F1-C7A5-4376-A066-2A32D752A2FF}</UniqueIdentifier>
      <Extensions>cpp;c;cc;cxx;c++;cppm;ixx;def;odl;idl;hpj;bat;asm;asmx</Extensions>
    </Filter>
    <Filter Include="include">
      <UniqueIdentifier>{2be1436f-9e6b-4ed3-b8ca-acd274ca9a8d}</UniqueIdentifier>
    </Filter>
    <Filter Include="pch">
      <UniqueIdentifier>{93995380-89BD-4b04-88EB-625FBE52EBFB}</UniqueIdentifier>
      <Extensions>h;hh;hpp;hxx;h++;hm;inl;inc;ipp;xsd</Extensions>
    </Filter>
    <Filter Include="src\components">
      <UniqueIdentifier>{bb8cb719-75f6-4f41-8423-24d5c8a82894}</UniqueIdentifier>
    </Filter>
    <Filter Include="src\geometry">
      <UniqueIdentifier>{0dcf663d-3a65-4af7-9b41-e60bf5e51d64}</UniqueIdentifier>
    </Filter>
    <Filter Include="src\geometry\mesh_generators">
      <UniqueIdentifier>{b9789eee-c79c-462c-9589-36b8eab24f84}</UniqueIdentifier>
    </Filter>
  </ItemGroup>
  <ItemGroup>
    <ClCompile Include="src\pch.cpp">
      <Filter>pch</Filter>
    </ClCompile>
    <ClCompile Include="src\Entity.cpp">
      <Filter>src</Filter>
    </ClCompile>
    <ClCompile Include="src\Scene.cpp">
      <Filter>src</Filter>
    </ClCompile>
    <ClCompile Include="src\CameraComponent.cpp">
      <Filter>src\components</Filter>
    </ClCompile>
    <ClCompile Include="src\TagComponent.cpp">
      <Filter>src\components</Filter>
    </ClCompile>
    <ClCompile Include="src\TransformationComponent.cpp">
      <Filter>src\components</Filter>
    </ClCompile>
    <ClCompile Include="src\Engine.cpp">
      <Filter>src</Filter>
    </ClCompile>
    <ClCompile Include="src\MeshComponent.cpp">
      <Filter>src\components</Filter>
    </ClCompile>
    <ClCompile Include="src\MeshManager.cpp">
      <Filter>src</Filter>
    </ClCompile>
    <ClCompile Include="src\Renderer.cpp">
      <Filter>src</Filter>
    </ClCompile>
    <ClCompile Include="src\geometry\LODGroup.cpp">
      <Filter>src\geometry</Filter>
    </ClCompile>
    <ClCompile Include="src\geometry\Mesh.cpp">
      <Filter>src\geometry</Filter>
    </ClCompile>
    <ClCompile Include="src\geometry\MeshInfo.cpp">
      <Filter>src\geometry</Filter>
    </ClCompile>
    <ClCompile Include="src\geometry\Scene.cpp">
      <Filter>src\geometry</Filter>
    </ClCompile>
    <ClCompile Include="src\geometry\mesh_generator\MeshGenerator.cpp">
      <Filter>src\geometry\mesh_generators</Filter>
    </ClCompile>
    <ClCompile Include="src\geometry\mesh_generator\PlaneMeshGenerator.cpp">
      <Filter>src\geometry\mesh_generators</Filter>
    </ClCompile>
  </ItemGroup>
  <ItemGroup>
    <ClInclude Include="src\pch.h">
      <Filter>pch</Filter>
    </ClInclude>
    <ClInclude Include="include\pawnengine.h">
      <Filter>include</Filter>
    </ClInclude>
    <ClInclude Include="src\Entity.h">
      <Filter>src</Filter>
    </ClInclude>
    <ClInclude Include="src\Scene.h">
      <Filter>src</Filter>
    </ClInclude>
    <ClInclude Include="src\CameraComponent.h">
      <Filter>src\components</Filter>
    </ClInclude>
    <ClInclude Include="src\TagComponent.h">
      <Filter>src\components</Filter>
    </ClInclude>
    <ClInclude Include="src\TransformationComponent.h">
      <Filter>src\components</Filter>
    </ClInclude>
    <ClInclude Include="src\Engine.h">
      <Filter>src</Filter>
    </ClInclude>
    <ClInclude Include="src\MeshComponent.h">
      <Filter>src\components</Filter>
    </ClInclude>
    <ClInclude Include="src\MeshManager.h">
      <Filter>src</Filter>
    </ClInclude>
    <ClInclude Include="src\Renderer.h">
      <Filter>src</Filter>
    </ClInclude>
    <ClInclude Include="src\geometry\LODGroup.h">
      <Filter>src\geometry</Filter>
    </ClInclude>
    <ClInclude Include="src\geometry\Mesh.h">
      <Filter>src\geometry</Filter>
    </ClInclude>
    <ClInclude Include="src\geometry\MeshInfo.h">
      <Filter>src\geometry</Filter>
    </ClInclude>
    <ClInclude Include="src\geometry\Scene.h">
      <Filter>src\geometry</Filter>
    </ClInclude>
    <ClInclude Include="src\geometry\mesh_generator\MeshGenerator.h">
      <Filter>src\geometry\mesh_generators</Filter>
    </ClInclude>
    <ClInclude Include="src\geometry\mesh_generator\PlaneMeshGenerator.h">
      <Filter>src\geometry\mesh_generators</Filter>
    </ClInclude>
  </ItemGroup>
</Project>