<?xml version="1.0" encoding="utf-8"?>
<Project ToolsVersion="4.0" xmlns="http://schemas.microsoft.com/developer/msbuild/2003">
  <ItemGroup>
    <Filter Include="widgets">
      <UniqueIdentifier>{4FC737F1-C7A5-4376-A066-2A32D752A2FF}</UniqueIdentifier>
      <Extensions>cpp;c;cc;cxx;def;odl;idl;hpj;bat;asm;asmx</Extensions>
    </Filter>
  </ItemGroup>
  <ItemGroup>
    <ClCompile Include="widgets\DoubleLabelWidget.cpp">
      <Filter>widgets</Filter>
    </ClCompile>
    <ClCompile Include="widgets\Double3Widget.cpp">
      <Filter>widgets</Filter>
    </ClCompile>
  </ItemGroup>
  <ItemGroup>
    <QtMoc Include="widgets\DoubleLabelWidget.h">
      <Filter>widgets</Filter>
    </QtMoc>
    <QtMoc Include="widgets\Double3Widget.h">
      <Filter>widgets</Filter>
    </QtMoc>
  </ItemGroup>
</Project>