<?xml version="1.0" encoding="utf-8"?>
<Project ToolsVersion="4.0" xmlns="http://schemas.microsoft.com/developer/msbuild/2003">
  <ItemGroup>
    <Filter Include="engine">
      <UniqueIdentifier>{4FC737F1-C7A5-4376-A066-2A32D752A2FF}</UniqueIdentifier>
      <Extensions>cpp;c;cc;cxx;c++;cppm;ixx;def;odl;idl;hpj;bat;asm;asmx</Extensions>
    </Filter>
    <Filter Include="engine\components">
      <UniqueIdentifier>{bb8cb719-75f6-4f41-8423-24d5c8a82894}</UniqueIdentifier>
    </Filter>
    <Filter Include="engine\scripts">
      <UniqueIdentifier>{5ff60278-f2ab-49dd-abdb-67b53cf33a10}</UniqueIdentifier>
    </Filter>
    <Filter Include="engine\scripts\registers">
      <UniqueIdentifier>{36937989-cd2f-4a94-a42d-7ae6be547fbf}</UniqueIdentifier>
    </Filter>
    <Filter Include="engine\serializer">
      <UniqueIdentifier>{e1d45208-c240-443d-a5ac-4188071f0209}</UniqueIdentifier>
    </Filter>
    <Filter Include="engine\geometry">
      <UniqueIdentifier>{0e419fa6-9137-4f43-b514-0d4210d804e2}</UniqueIdentifier>
    </Filter>
  </ItemGroup>
  <ItemGroup>
    <ClInclude Include="engine\Engine.h">
      <Filter>engine</Filter>
    </ClInclude>
    <ClInclude Include="engine\GameEntity.h">
      <Filter>engine</Filter>
    </ClInclude>
    <ClInclude Include="engine\GameScene.h">
      <Filter>engine</Filter>
    </ClInclude>
    <ClInclude Include="engine\MeshManager.h">
      <Filter>engine</Filter>
    </ClInclude>
    <ClInclude Include="engine\Renderer.h">
      <Filter>engine</Filter>
    </ClInclude>
    <ClInclude Include="engine\components\CameraComponent.h">
      <Filter>engine\components</Filter>
    </ClInclude>
    <ClInclude Include="engine\components\MeshComponent.h">
      <Filter>engine\components</Filter>
    </ClInclude>
    <ClInclude Include="engine\components\TagComponent.h">
      <Filter>engine\components</Filter>
    </ClInclude>
    <ClInclude Include="engine\components\TransformationComponent.h">
      <Filter>engine\components</Filter>
    </ClInclude>
    <ClInclude Include="engine\scripts\ScriptEngine.h">
      <Filter>engine\scripts</Filter>
    </ClInclude>
    <ClInclude Include="engine\scripts\registers\RegisterScriptClass.h">
      <Filter>engine\scripts\registers</Filter>
    </ClInclude>
    <ClInclude Include="engine\scripts\registers\LoggerScriptRegister.h">
      <Filter>engine\scripts\registers</Filter>
    </ClInclude>
    <ClInclude Include="engine\scripts\registers\MouseManagerScriptRegister.h">
      <Filter>engine\scripts\registers</Filter>
    </ClInclude>
    <ClInclude Include="engine\scripts\registers\KeyboardManagerScriptRegister.h">
      <Filter>engine\scripts\registers</Filter>
    </ClInclude>
    <ClInclude Include="engine\TextureManager.h">
      <Filter>engine</Filter>
    </ClInclude>
    <ClInclude Include="engine\scripts\registers\ClockScriptRegister.h">
      <Filter>engine\scripts\registers</Filter>
    </ClInclude>
    <ClInclude Include="engine\components\ScriptComponent.h">
      <Filter>engine\components</Filter>
    </ClInclude>
    <ClInclude Include="engine\scripts\registers\Vec3ScriptRegister.h">
      <Filter>engine\scripts\registers</Filter>
    </ClInclude>
    <ClInclude Include="engine\scripts\registers\TransformationComponentScriptRegister.h">
      <Filter>engine\scripts\registers</Filter>
    </ClInclude>
    <ClInclude Include="engine\scripts\registers\GameEntityScriptRegister.h">
      <Filter>engine\scripts\registers</Filter>
    </ClInclude>
    <ClInclude Include="engine\serializer\JsonSerializer.h">
      <Filter>engine\serializer</Filter>
    </ClInclude>
    <ClInclude Include="engine\serializer\JsonFileSerializer.h">
      <Filter>engine\serializer</Filter>
    </ClInclude>
    <ClInclude Include="engine\components\Texture2DComponent.h">
      <Filter>engine\components</Filter>
    </ClInclude>
    <ClInclude Include="engine\EngineGlobals.h">
      <Filter>engine</Filter>
    </ClInclude>
    <ClInclude Include="engine\geometry\AssimpLoader.h">
      <Filter>engine\geometry</Filter>
    </ClInclude>
    <ClInclude Include="engine\geometry\Vertex.h">
      <Filter>engine\geometry</Filter>
    </ClInclude>
    <ClInclude Include="engine\geometry\Mesh.h">
      <Filter>engine\geometry</Filter>
    </ClInclude>
    <ClInclude Include="engine\geometry\MeshNodeData.h">
      <Filter>engine\geometry</Filter>
    </ClInclude>
  </ItemGroup>
  <ItemGroup>
    <ClCompile Include="engine\Engine.cpp">
      <Filter>engine</Filter>
    </ClCompile>
    <ClCompile Include="engine\GameEntity.cpp">
      <Filter>engine</Filter>
    </ClCompile>
    <ClCompile Include="engine\GameScene.cpp">
      <Filter>engine</Filter>
    </ClCompile>
    <ClCompile Include="engine\MeshManager.cpp">
      <Filter>engine</Filter>
    </ClCompile>
    <ClCompile Include="engine\Renderer.cpp">
      <Filter>engine</Filter>
    </ClCompile>
    <ClCompile Include="engine\components\CameraComponent.cpp">
      <Filter>engine\components</Filter>
    </ClCompile>
    <ClCompile Include="engine\components\MeshComponent.cpp">
      <Filter>engine\components</Filter>
    </ClCompile>
    <ClCompile Include="engine\components\TagComponent.cpp">
      <Filter>engine\components</Filter>
    </ClCompile>
    <ClCompile Include="engine\components\TransformationComponent.cpp">
      <Filter>engine\components</Filter>
    </ClCompile>
    <ClCompile Include="engine\scripts\ScriptEngine.cpp">
      <Filter>engine\scripts</Filter>
    </ClCompile>
    <ClCompile Include="engine\scripts\registers\RegisterScriptClass.cpp">
      <Filter>engine\scripts\registers</Filter>
    </ClCompile>
    <ClCompile Include="engine\scripts\registers\LoggerScriptRegister.cpp">
      <Filter>engine\scripts\registers</Filter>
    </ClCompile>
    <ClCompile Include="engine\scripts\registers\MouseManagerScriptRegister.cpp">
      <Filter>engine\scripts\registers</Filter>
    </ClCompile>
    <ClCompile Include="engine\scripts\registers\KeyboardManagerScriptRegister.cpp">
      <Filter>engine\scripts\registers</Filter>
    </ClCompile>
    <ClCompile Include="engine\TextureManager.cpp">
      <Filter>engine</Filter>
    </ClCompile>
    <ClCompile Include="engine\scripts\registers\ClockScriptRegister.cpp">
      <Filter>engine\scripts\registers</Filter>
    </ClCompile>
    <ClCompile Include="engine\components\ScriptComponent.cpp">
      <Filter>engine\components</Filter>
    </ClCompile>
    <ClCompile Include="engine\scripts\registers\Vec3ScriptRegister.cpp">
      <Filter>engine\scripts\registers</Filter>
    </ClCompile>
    <ClCompile Include="engine\scripts\registers\TransformationComponentScriptRegister.cpp">
      <Filter>engine\scripts\registers</Filter>
    </ClCompile>
    <ClCompile Include="engine\scripts\registers\GameEntityScriptRegister.cpp">
      <Filter>engine\scripts\registers</Filter>
    </ClCompile>
    <ClCompile Include="engine\serializer\JsonSerializer.cpp">
      <Filter>engine\serializer</Filter>
    </ClCompile>
    <ClCompile Include="engine\serializer\JsonFileSerializer.cpp">
      <Filter>engine\serializer</Filter>
    </ClCompile>
    <ClCompile Include="engine\components\Texture2DComponent.cpp">
      <Filter>engine\components</Filter>
    </ClCompile>
    <ClCompile Include="engine\EngineGlobals.cpp">
      <Filter>engine</Filter>
    </ClCompile>
    <ClCompile Include="engine\geometry\AssimpLoader.cpp">
      <Filter>engine\geometry</Filter>
    </ClCompile>
  </ItemGroup>
</Project>