<?xml version="1.0" encoding="utf-8"?>
<Project ToolsVersion="4.0" xmlns="http://schemas.microsoft.com/developer/msbuild/2003">
  <ItemGroup>
    <Filter Include="res">
      <UniqueIdentifier>{67DA6AB6-F800-4c08-8B7A-83BB121AAD01}</UniqueIdentifier>
      <Extensions>qrc;rc;ico;cur;bmp;dlg;rc2;rct;bin;rgs;gif;jpg;jpeg;jpe;resx;tiff;tif;png;wav;mfcribbon-ms</Extensions>
    </Filter>
    <Filter Include="res\directx_shader">
      <UniqueIdentifier>{761b0ff9-307e-440f-8d5e-4e3dfcea535f}</UniqueIdentifier>
    </Filter>
    <Filter Include="res\dark">
      <UniqueIdentifier>{6d1176ea-8473-421d-a3f6-3d1948610335}</UniqueIdentifier>
    </Filter>
    <Filter Include="editor">
      <UniqueIdentifier>{4FC737F1-C7A5-4376-A066-2A32D752A2FF}</UniqueIdentifier>
      <Extensions>cpp;c;cc;cxx;def;odl;idl;hpj;bat;asm;asmx</Extensions>
    </Filter>
    <Filter Include="editor\impl">
      <UniqueIdentifier>{b8c09531-4b89-464d-8829-6acede4b41b6}</UniqueIdentifier>
    </Filter>
    <Filter Include="res\assets">
      <UniqueIdentifier>{ca001101-f9e8-495f-8c99-06d2c531695d}</UniqueIdentifier>
    </Filter>
    <Filter Include="res\assets\scripts">
      <UniqueIdentifier>{35ec8061-68b7-4805-9963-c56563ec4f00}</UniqueIdentifier>
    </Filter>
  </ItemGroup>
  <ItemGroup>
    <None Include="res\dark.qss">
      <Filter>res\dark</Filter>
    </None>
    <None Include="res\dark\branch_closed.svg">
      <Filter>res\dark</Filter>
    </None>
    <None Include="res\dark\branch_closed-on.svg">
      <Filter>res\dark</Filter>
    </None>
    <None Include="res\dark\branch_open.svg">
      <Filter>res\dark</Filter>
    </None>
    <None Include="res\dark\branch_open-on.svg">
      <Filter>res\dark</Filter>
    </None>
    <None Include="res\dark\checkbox_checked.svg">
      <Filter>res\dark</Filter>
    </None>
    <None Include="res\dark\checkbox_checked_disabled.svg">
      <Filter>res\dark</Filter>
    </None>
    <None Include="res\dark\checkbox_indeterminate.svg">
      <Filter>res\dark</Filter>
    </None>
    <None Include="res\dark\checkbox_indeterminate_disabled.svg">
      <Filter>res\dark</Filter>
    </None>
    <None Include="res\dark\checkbox_unchecked.svg">
      <Filter>res\dark</Filter>
    </None>
    <None Include="res\dark\checkbox_unchecked_disabled.svg">
      <Filter>res\dark</Filter>
    </None>
    <None Include="res\dark\close.svg">
      <Filter>res\dark</Filter>
    </None>
    <None Include="res\dark\close-hover.svg">
      <Filter>res\dark</Filter>
    </None>
    <None Include="res\dark\close-pressed.svg">
      <Filter>res\dark</Filter>
    </None>
    <None Include="res\dark\down_arrow.svg">
      <Filter>res\dark</Filter>
    </None>
    <None Include="res\dark\down_arrow_disabled.svg">
      <Filter>res\dark</Filter>
    </None>
    <None Include="res\dark\down_arrow-hover.svg">
      <Filter>res\dark</Filter>
    </None>
    <None Include="res\dark\hmovetoolbar.svg">
      <Filter>res\dark</Filter>
    </None>
    <None Include="res\dark\hsepartoolbar.svg">
      <Filter>res\dark</Filter>
    </None>
    <None Include="res\dark\left_arrow.svg">
      <Filter>res\dark</Filter>
    </None>
    <None Include="res\dark\left_arrow_disabled.svg">
      <Filter>res\dark</Filter>
    </None>
    <None Include="res\dark\radio_checked.svg">
      <Filter>res\dark</Filter>
    </None>
    <None Include="res\dark\radio_checked_disabled.svg">
      <Filter>res\dark</Filter>
    </None>
    <None Include="res\dark\radio_unchecked.svg">
      <Filter>res\dark</Filter>
    </None>
    <None Include="res\dark\radio_unchecked_disabled.svg">
      <Filter>res\dark</Filter>
    </None>
    <None Include="res\dark\right_arrow.svg">
      <Filter>res\dark</Filter>
    </None>
    <None Include="res\dark\right_arrow_disabled.svg">
      <Filter>res\dark</Filter>
    </None>
    <None Include="res\dark\sizegrip.svg">
      <Filter>res\dark</Filter>
    </None>
    <None Include="res\dark\spinup_disabled.svg">
      <Filter>res\dark</Filter>
    </None>
    <None Include="res\dark\stylesheet-branch-end.svg">
      <Filter>res\dark</Filter>
    </None>
    <None Include="res\dark\stylesheet-branch-end-closed.svg">
      <Filter>res\dark</Filter>
    </None>
    <None Include="res\dark\stylesheet-branch-end-open.svg">
      <Filter>res\dark</Filter>
    </None>
    <None Include="res\dark\stylesheet-branch-more.svg">
      <Filter>res\dark</Filter>
    </None>
    <None Include="res\dark\stylesheet-vline.svg">
      <Filter>res\dark</Filter>
    </None>
    <None Include="res\dark\transparent.svg">
      <Filter>res\dark</Filter>
    </None>
    <None Include="res\dark\undock.svg">
      <Filter>res\dark</Filter>
    </None>
    <None Include="res\dark\undock-hover.svg">
      <Filter>res\dark</Filter>
    </None>
    <None Include="res\dark\up_arrow.svg">
      <Filter>res\dark</Filter>
    </None>
    <None Include="res\dark\up_arrow_disabled.svg">
      <Filter>res\dark</Filter>
    </None>
    <None Include="res\dark\up_arrow-hover.svg">
      <Filter>res\dark</Filter>
    </None>
    <None Include="res\dark\vmovetoolbar.svg">
      <Filter>res\dark</Filter>
    </None>
    <None Include="res\dark\vsepartoolbars.svg">
      <Filter>res\dark</Filter>
    </None>
    <None Include="res\assets\scripts\Movement.lua">
      <Filter>res\assets\scripts</Filter>
    </None>
    <None Include="res\assets\scripts\Rotation.lua">
      <Filter>res\assets\scripts</Filter>
    </None>
  </ItemGroup>
  <ItemGroup>
    <FxCompile Include="res\assets\shaders\directx_shaders\PixelShader.hlsl">
      <Filter>res\directx_shader</Filter>
    </FxCompile>
    <FxCompile Include="res\assets\shaders\directx_shaders\VertexShader.hlsl">
      <Filter>res\directx_shader</Filter>
    </FxCompile>
    <FxCompile Include="res\assets\shaders\directx_shaders\TexturePixelShader.hlsl">
      <Filter>res\directx_shader</Filter>
    </FxCompile>
  </ItemGroup>
  <ItemGroup>
    <QtRcc Include="res\MainWindow.qrc">
      <Filter>res</Filter>
    </QtRcc>
  </ItemGroup>
  <ItemGroup>
    <Image Include="res\pawn.png">
      <Filter>res</Filter>
    </Image>
  </ItemGroup>
  <ItemGroup>
    <ClCompile Include="editor\main.cpp">
      <Filter>editor</Filter>
    </ClCompile>
    <ClCompile Include="editor\MainWindow.cpp">
      <Filter>editor</Filter>
    </ClCompile>
    <ClCompile Include="editor\impl\MainWindowImpl.cpp">
      <Filter>editor\impl</Filter>
    </ClCompile>
    <ClCompile Include="editor\impl\WindowsEventFilter.cpp">
      <Filter>editor\impl</Filter>
    </ClCompile>
    <ClCompile Include="editor\impl\EngineManager.cpp">
      <Filter>editor\impl</Filter>
    </ClCompile>
  </ItemGroup>
  <ItemGroup>
    <ClInclude Include="editor\impl\WindowsEventFilter.h">
      <Filter>editor\impl</Filter>
    </ClInclude>
  </ItemGroup>
  <ItemGroup>
    <QtMoc Include="editor\impl\MainWindowImpl.h">
      <Filter>editor\impl</Filter>
    </QtMoc>
    <QtMoc Include="editor\impl\EngineManager.h">
      <Filter>editor\impl</Filter>
    </QtMoc>
    <QtMoc Include="editor\MainWindow.h">
      <Filter>editor</Filter>
    </QtMoc>
  </ItemGroup>
</Project>