<?xml version="1.0" encoding="utf-8"?>
<Project ToolsVersion="4.0" xmlns="http://schemas.microsoft.com/developer/msbuild/2003">
  <ItemGroup>
    <Filter Include="include">
      <UniqueIdentifier>{52ec9f62-0c64-47a8-b35f-18fd8c37b0e1}</UniqueIdentifier>
    </Filter>
    <Filter Include="widget">
      <UniqueIdentifier>{4FC737F1-C7A5-4376-A066-2A32D752A2FF}</UniqueIdentifier>
      <Extensions>cpp;c;cc;cxx;def;odl;idl;hpj;bat;asm;asmx</Extensions>
    </Filter>
    <Filter Include="widget\impl">
      <UniqueIdentifier>{f5abfc61-8e2a-4441-bf08-0bb0a574fe77}</UniqueIdentifier>
    </Filter>
  </ItemGroup>
  <ItemGroup>
    <ClCompile Include="src\pch.cpp">
      <Filter>widget</Filter>
    </ClCompile>
    <ClCompile Include="src\BottomPanelWidget.cpp">
      <Filter>widget</Filter>
    </ClCompile>
    <ClCompile Include="src\BottomPanelWidgetImpl.cpp">
      <Filter>widget\impl</Filter>
    </ClCompile>
    <ClCompile Include="src\OutputStream.cpp">
      <Filter>widget\impl</Filter>
    </ClCompile>
  </ItemGroup>
  <ItemGroup>
    <ClInclude Include="src\pch.h">
      <Filter>widget</Filter>
    </ClInclude>
    <ClInclude Include="include\bottompanelwidget.h">
      <Filter>include</Filter>
    </ClInclude>
    <ClInclude Include="src\BottomPanelWidget.h">
      <Filter>widget</Filter>
    </ClInclude>
    <ClInclude Include="src\OutputStream.h">
      <Filter>widget\impl</Filter>
    </ClInclude>
  </ItemGroup>
  <ItemGroup>
    <QtMoc Include="src\BottomPanelWidgetImpl.h">
      <Filter>widget\impl</Filter>
    </QtMoc>
  </ItemGroup>
</Project>