<?xml version="1.0" encoding="utf-8"?>
<Project ToolsVersion="4.0" xmlns="http://schemas.microsoft.com/developer/msbuild/2003">
  <ItemGroup>
    <Filter Include="pch">
      <UniqueIdentifier>{67DA6AB6-F800-4c08-8B7A-83BB121AAD01}</UniqueIdentifier>
      <Extensions>rc;ico;cur;bmp;dlg;rc2;rct;bin;rgs;gif;jpg;jpeg;jpe;resx;tiff;tif;png;wav;mfcribbon-ms</Extensions>
    </Filter>
    <Filter Include="include">
      <UniqueIdentifier>{93995380-89BD-4b04-88EB-625FBE52EBFB}</UniqueIdentifier>
      <Extensions>h;hh;hpp;hxx;h++;hm;inl;inc;ipp;xsd</Extensions>
    </Filter>
    <Filter Include="src">
      <UniqueIdentifier>{4FC737F1-C7A5-4376-A066-2A32D752A2FF}</UniqueIdentifier>
      <Extensions>cpp;c;cc;cxx;c++;cppm;ixx;def;odl;idl;hpj;bat;asm;asmx</Extensions>
    </Filter>
    <Filter Include="src\patterns">
      <UniqueIdentifier>{d1321d12-ae4b-4938-85b1-69f7be4a21b1}</UniqueIdentifier>
    </Filter>
    <Filter Include="src\patterns\observer">
      <UniqueIdentifier>{cf4915e8-de93-4b47-b6e9-7625aaa9631d}</UniqueIdentifier>
    </Filter>
    <Filter Include="src\rtti">
      <UniqueIdentifier>{6df07a19-72aa-4fee-9aab-f7750829342e}</UniqueIdentifier>
    </Filter>
    <Filter Include="src\time">
      <UniqueIdentifier>{845193a1-0338-4e78-b7a5-b263883e2cfb}</UniqueIdentifier>
    </Filter>
    <Filter Include="src\patterns\singleton">
      <UniqueIdentifier>{79d31391-1be8-4010-b735-7e7d4b8cb015}</UniqueIdentifier>
    </Filter>
    <Filter Include="src\winapi">
      <UniqueIdentifier>{5238d550-879d-465d-83a2-4cac9304d27f}</UniqueIdentifier>
    </Filter>
    <Filter Include="src\patterns\observer\events">
      <UniqueIdentifier>{ef05aa0a-7702-4641-ba48-1e62f971928e}</UniqueIdentifier>
    </Filter>
    <Filter Include="src\image_loader">
      <UniqueIdentifier>{ae302308-ae93-4e3d-926a-8f5240f64952}</UniqueIdentifier>
    </Filter>
    <Filter Include="src\input">
      <UniqueIdentifier>{488ca6ca-f021-4fca-86da-a0f85bc097de}</UniqueIdentifier>
    </Filter>
    <Filter Include="src\entt">
      <UniqueIdentifier>{ec495ffe-4e23-45f3-8699-b32a25aa88bd}</UniqueIdentifier>
    </Filter>
    <Filter Include="src\model_loader">
      <UniqueIdentifier>{63d8f885-3923-48c4-8f99-ab23500455b2}</UniqueIdentifier>
    </Filter>
  </ItemGroup>
  <ItemGroup>
    <ClCompile Include="pch\pch.cpp">
      <Filter>pch</Filter>
    </ClCompile>
    <ClCompile Include="src\IObservable.cpp">
      <Filter>src\patterns\observer</Filter>
    </ClCompile>
    <ClCompile Include="src\Clock.cpp">
      <Filter>src\time</Filter>
    </ClCompile>
    <ClCompile Include="src\Observable.cpp">
      <Filter>src\patterns\observer</Filter>
    </ClCompile>
    <ClCompile Include="src\Observer.cpp">
      <Filter>src\patterns\observer</Filter>
    </ClCompile>
    <ClCompile Include="src\Event.cpp">
      <Filter>src\patterns\observer\events</Filter>
    </ClCompile>
    <ClCompile Include="src\WindowEvents.cpp">
      <Filter>src\patterns\observer\events</Filter>
    </ClCompile>
    <ClCompile Include="src\StbImage.cpp">
      <Filter>src\image_loader</Filter>
    </ClCompile>
    <ClCompile Include="src\StbImageLoader.cpp">
      <Filter>src\image_loader</Filter>
    </ClCompile>
    <ClCompile Include="src\KeyboardEvents.cpp">
      <Filter>src\patterns\observer\events</Filter>
    </ClCompile>
    <ClCompile Include="src\KeyboardInputManager.cpp">
      <Filter>src\input</Filter>
    </ClCompile>
    <ClCompile Include="src\MouseEvents.cpp">
      <Filter>src\patterns\observer\events</Filter>
    </ClCompile>
    <ClCompile Include="src\MouseInputManager.cpp">
      <Filter>src\input</Filter>
    </ClCompile>
    <ClCompile Include="src\AssimpLoader.cpp">
      <Filter>src\model_loader</Filter>
    </ClCompile>
  </ItemGroup>
  <ItemGroup>
    <ClInclude Include="pch\pch.h">
      <Filter>pch</Filter>
    </ClInclude>
    <ClInclude Include="include\utils.h">
      <Filter>include</Filter>
    </ClInclude>
    <ClInclude Include="src\IObservable.h">
      <Filter>src\patterns\observer</Filter>
    </ClInclude>
    <ClInclude Include="src\Rtti.h">
      <Filter>src\rtti</Filter>
    </ClInclude>
    <ClInclude Include="src\Clock.h">
      <Filter>src\time</Filter>
    </ClInclude>
    <ClInclude Include="src\Observable.h">
      <Filter>src\patterns\observer</Filter>
    </ClInclude>
    <ClInclude Include="src\Observer.h">
      <Filter>src\patterns\observer</Filter>
    </ClInclude>
    <ClInclude Include="src\Singleton.h">
      <Filter>src\patterns\singleton</Filter>
    </ClInclude>
    <ClInclude Include="src\WindowsAPI.h">
      <Filter>src\winapi</Filter>
    </ClInclude>
    <ClInclude Include="src\Event.h">
      <Filter>src\patterns\observer\events</Filter>
    </ClInclude>
    <ClInclude Include="src\WindowEvents.h">
      <Filter>src\patterns\observer\events</Filter>
    </ClInclude>
    <ClInclude Include="src\StbImage.h">
      <Filter>src\image_loader</Filter>
    </ClInclude>
    <ClInclude Include="src\StbImageLoader.h">
      <Filter>src\image_loader</Filter>
    </ClInclude>
    <ClInclude Include="src\Macros.h">
      <Filter>src</Filter>
    </ClInclude>
    <ClInclude Include="src\KeyboardEvents.h">
      <Filter>src\patterns\observer\events</Filter>
    </ClInclude>
    <ClInclude Include="src\KeyboardInputManager.h">
      <Filter>src\input</Filter>
    </ClInclude>
    <ClInclude Include="src\entt.h">
      <Filter>src\entt</Filter>
    </ClInclude>
    <ClInclude Include="src\MouseEvents.h">
      <Filter>src\patterns\observer\events</Filter>
    </ClInclude>
    <ClInclude Include="src\MouseInputManager.h">
      <Filter>src\input</Filter>
    </ClInclude>
    <ClInclude Include="src\KeyboardMappings.h">
      <Filter>src\input</Filter>
    </ClInclude>
    <ClInclude Include="src\AssimpLoader.h">
      <Filter>src\model_loader</Filter>
    </ClInclude>
  </ItemGroup>
</Project>