<?xml version="1.0" encoding="utf-8"?>
<Project ToolsVersion="4.0" xmlns="http://schemas.microsoft.com/developer/msbuild/2003">
  <ItemGroup>
    <Filter Include="widget">
      <UniqueIdentifier>{4FC737F1-C7A5-4376-A066-2A32D752A2FF}</UniqueIdentifier>
      <Extensions>cpp;c;cc;cxx;def;odl;idl;hpj;bat;asm;asmx</Extensions>
    </Filter>
    <Filter Include="widget\impl">
      <UniqueIdentifier>{f5abfc61-8e2a-4441-bf08-0bb0a574fe77}</UniqueIdentifier>
    </Filter>
    <Filter Include="widget\impl\camera">
      <UniqueIdentifier>{171d5e09-c3ec-4ded-aacb-803d3922bbc6}</UniqueIdentifier>
    </Filter>
    <Filter Include="widget\impl\transformation">
      <UniqueIdentifier>{aa7190bd-57c8-47dd-be06-379901983de1}</UniqueIdentifier>
    </Filter>
    <Filter Include="widget\impl\tag">
      <UniqueIdentifier>{3fedfe6c-011e-418f-aa61-bccad65ae1a5}</UniqueIdentifier>
    </Filter>
    <Filter Include="widget\impl\mesh">
      <UniqueIdentifier>{de6a0dda-0a56-4fef-8c4e-8794540b3f4e}</UniqueIdentifier>
    </Filter>
    <Filter Include="widget\impl\script">
      <UniqueIdentifier>{53f025ca-7003-476e-823f-8ef49f136f80}</UniqueIdentifier>
    </Filter>
    <Filter Include="widget\impl\new component">
      <UniqueIdentifier>{b50c11fd-2ccd-4617-8988-32cad755c062}</UniqueIdentifier>
    </Filter>
    <Filter Include="widget\impl\texture">
      <UniqueIdentifier>{01265a2e-063f-401a-8b3f-516ff89df362}</UniqueIdentifier>
    </Filter>
  </ItemGroup>
  <ItemGroup>
    <ClCompile Include="widget\InspectorWidget.cpp">
      <Filter>widget</Filter>
    </ClCompile>
    <ClCompile Include="widget\impl\InspectorWidgetImpl.cpp">
      <Filter>widget\impl</Filter>
    </ClCompile>
    <ClCompile Include="widget\impl\CameraComponentWidget.cpp">
      <Filter>widget\impl\camera</Filter>
    </ClCompile>
    <ClCompile Include="widget\impl\CameraComponentWidgetItem.cpp">
      <Filter>widget\impl\camera</Filter>
    </ClCompile>
    <ClCompile Include="widget\impl\MeshComponentWidgetItem.cpp">
      <Filter>widget\impl\mesh</Filter>
    </ClCompile>
    <ClCompile Include="widget\impl\TagComponentWidgetItem.cpp">
      <Filter>widget\impl\tag</Filter>
    </ClCompile>
    <ClCompile Include="widget\impl\TransformationComponentWidget.cpp">
      <Filter>widget\impl\transformation</Filter>
    </ClCompile>
    <ClCompile Include="widget\impl\TransformationComponentWidgetItem.cpp">
      <Filter>widget\impl\transformation</Filter>
    </ClCompile>
    <ClCompile Include="widget\impl\TagComponentWidget.cpp">
      <Filter>widget\impl\tag</Filter>
    </ClCompile>
    <ClCompile Include="widget\impl\MeshComponentWidget.cpp">
      <Filter>widget\impl\mesh</Filter>
    </ClCompile>
    <ClCompile Include="widget\impl\ScriptComponentWidget.cpp">
      <Filter>widget\impl\script</Filter>
    </ClCompile>
    <ClCompile Include="widget\impl\ScriptComponentWidgetItem.cpp">
      <Filter>widget\impl\script</Filter>
    </ClCompile>
    <ClCompile Include="widget\impl\NewComponentWidget.cpp">
      <Filter>widget\impl\new component</Filter>
    </ClCompile>
    <ClCompile Include="widget\impl\SelectComponentWidget.cpp">
      <Filter>widget\impl\new component</Filter>
    </ClCompile>
    <ClCompile Include="widget\impl\Texture2DComponentWidget.cpp">
      <Filter>widget\impl\texture</Filter>
    </ClCompile>
    <ClCompile Include="widget\impl\Texture2DComponentWidgetItem.cpp">
      <Filter>widget\impl\texture</Filter>
    </ClCompile>
  </ItemGroup>
  <ItemGroup>
    <QtMoc Include="widget\InspectorWidget.h">
      <Filter>widget</Filter>
    </QtMoc>
    <QtMoc Include="widget\impl\InspectorWidgetImpl.h">
      <Filter>widget\impl</Filter>
    </QtMoc>
    <QtMoc Include="widget\impl\CameraComponentWidget.h">
      <Filter>widget\impl\camera</Filter>
    </QtMoc>
    <QtMoc Include="widget\impl\CameraComponentWidgetItem.h">
      <Filter>widget\impl\camera</Filter>
    </QtMoc>
    <QtMoc Include="widget\impl\MeshComponentWidgetItem.h">
      <Filter>widget\impl\mesh</Filter>
    </QtMoc>
    <QtMoc Include="widget\impl\TagComponentWidgetItem.h">
      <Filter>widget\impl\tag</Filter>
    </QtMoc>
    <QtMoc Include="widget\impl\TransformationComponentWidget.h">
      <Filter>widget\impl\transformation</Filter>
    </QtMoc>
    <QtMoc Include="widget\impl\TransformationComponentWidgetItem.h">
      <Filter>widget\impl\transformation</Filter>
    </QtMoc>
    <QtMoc Include="widget\impl\TagComponentWidget.h">
      <Filter>widget\impl\tag</Filter>
    </QtMoc>
    <QtMoc Include="widget\impl\MeshComponentWidget.h">
      <Filter>widget\impl\mesh</Filter>
    </QtMoc>
    <QtMoc Include="widget\impl\ScriptComponentWidget.h">
      <Filter>widget\impl\script</Filter>
    </QtMoc>
    <QtMoc Include="widget\impl\ScriptComponentWidgetItem.h">
      <Filter>widget\impl\script</Filter>
    </QtMoc>
    <QtMoc Include="widget\impl\NewComponentWidget.h">
      <Filter>widget\impl\new component</Filter>
    </QtMoc>
    <QtMoc Include="widget\impl\SelectComponentWidget.h">
      <Filter>widget\impl\new component</Filter>
    </QtMoc>
    <QtMoc Include="widget\impl\Texture2DComponentWidget.h">
      <Filter>widget\impl\texture</Filter>
    </QtMoc>
    <QtMoc Include="widget\impl\Texture2DComponentWidgetItem.h">
      <Filter>widget\impl\texture</Filter>
    </QtMoc>
  </ItemGroup>
</Project>