<?xml version="1.0" encoding="utf-8"?>
<Project ToolsVersion="4.0" xmlns="http://schemas.microsoft.com/developer/msbuild/2003">
  <ItemGroup>
    <Filter Include="utils">
      <UniqueIdentifier>{93995380-89BD-4b04-88EB-625FBE52EBFB}</UniqueIdentifier>
      <Extensions>h;hh;hpp;hxx;h++;hm;inl;inc;ipp;xsd</Extensions>
    </Filter>
    <Filter Include="utils\entt">
      <UniqueIdentifier>{5103921d-fdce-4733-9272-3aecaf027ced}</UniqueIdentifier>
    </Filter>
    <Filter Include="utils\time">
      <UniqueIdentifier>{c9f20846-fbe6-4082-8a2f-02e2576ddbbd}</UniqueIdentifier>
    </Filter>
    <Filter Include="utils\logger">
      <UniqueIdentifier>{50279db5-9d78-4e8f-9aa2-319af3c3f86d}</UniqueIdentifier>
    </Filter>
    <Filter Include="utils\stbimage">
      <UniqueIdentifier>{d50f96e8-a472-4f24-be34-6eedb7824a38}</UniqueIdentifier>
    </Filter>
    <Filter Include="utils\assimploader">
      <UniqueIdentifier>{4426de22-30a0-4ff6-8af6-8579a9f9c005}</UniqueIdentifier>
    </Filter>
    <Filter Include="utils\codetools">
      <UniqueIdentifier>{bb23e811-ee14-44c6-a2e0-3a7585305d23}</UniqueIdentifier>
    </Filter>
    <Filter Include="utils\json">
      <UniqueIdentifier>{070f2993-e03b-48fc-ad9f-94ceb23a7999}</UniqueIdentifier>
    </Filter>
  </ItemGroup>
  <ItemGroup>
    <ClInclude Include="utils\time\Clock.h">
      <Filter>utils\time</Filter>
    </ClInclude>
    <ClInclude Include="utils\logger\Logger.h">
      <Filter>utils\logger</Filter>
    </ClInclude>
    <ClInclude Include="utils\stbimage\StbImage.h">
      <Filter>utils\stbimage</Filter>
    </ClInclude>
    <ClInclude Include="utils\stbimage\StbImageLoader.h">
      <Filter>utils\stbimage</Filter>
    </ClInclude>
    <ClInclude Include="utils\entt\entt.h">
      <Filter>utils\entt</Filter>
    </ClInclude>
    <ClInclude Include="utils\assimploader\AssimpLoader.h">
      <Filter>utils\assimploader</Filter>
    </ClInclude>
    <ClInclude Include="utils\codetools\Macros.h">
      <Filter>utils\codetools</Filter>
    </ClInclude>
    <ClInclude Include="utils\codetools\Rtti.h">
      <Filter>utils\codetools</Filter>
    </ClInclude>
    <ClInclude Include="utils\json\json.hpp">
      <Filter>utils\json</Filter>
    </ClInclude>
  </ItemGroup>
  <ItemGroup>
    <ClCompile Include="utils\time\Clock.cpp">
      <Filter>utils\time</Filter>
    </ClCompile>
    <ClCompile Include="utils\logger\Logger.cpp">
      <Filter>utils\logger</Filter>
    </ClCompile>
    <ClCompile Include="utils\stbimage\StbImage.cpp">
      <Filter>utils\stbimage</Filter>
    </ClCompile>
    <ClCompile Include="utils\stbimage\StbImageLoader.cpp">
      <Filter>utils\stbimage</Filter>
    </ClCompile>
    <ClCompile Include="utils\assimploader\AssimpLoader.cpp">
      <Filter>utils\assimploader</Filter>
    </ClCompile>
  </ItemGroup>
</Project>