<?xml version="1.0" encoding="utf-8"?>
<Project ToolsVersion="4.0" xmlns="http://schemas.microsoft.com/developer/msbuild/2003">
  <ItemGroup>
    <Filter Include="include">
      <UniqueIdentifier>{93995380-89BD-4b04-88EB-625FBE52EBFB}</UniqueIdentifier>
      <Extensions>h;hh;hpp;hxx;h++;hm;inl;inc;ipp;xsd</Extensions>
    </Filter>
    <Filter Include="src">
      <UniqueIdentifier>{4FC737F1-C7A5-4376-A066-2A32D752A2FF}</UniqueIdentifier>
      <Extensions>cpp;c;cc;cxx;c++;cppm;ixx;def;odl;idl;hpj;bat;asm;asmx</Extensions>
    </Filter>
    <Filter Include="pch">
      <UniqueIdentifier>{5d2f8971-8c9b-4f17-8d37-d8fd29934364}</UniqueIdentifier>
    </Filter>
    <Filter Include="src\layers">
      <UniqueIdentifier>{6d958b36-4a89-4caa-bea6-bbb112ed73eb}</UniqueIdentifier>
    </Filter>
    <Filter Include="src\ecs">
      <UniqueIdentifier>{45e20008-2303-4f9d-a7f8-9a5a40d3d45f}</UniqueIdentifier>
    </Filter>
    <Filter Include="src\managers">
      <UniqueIdentifier>{fbca2349-6ed7-4079-8a8d-4ead0b40c5f6}</UniqueIdentifier>
    </Filter>
  </ItemGroup>
  <ItemGroup>
    <ClCompile Include="pch\pch.cpp">
      <Filter>pch</Filter>
    </ClCompile>
    <ClCompile Include="src\Layer.cpp">
      <Filter>src\layers</Filter>
    </ClCompile>
    <ClCompile Include="src\LayerList.cpp">
      <Filter>src\layers</Filter>
    </ClCompile>
    <ClCompile Include="src\Scene.cpp">
      <Filter>src\ecs</Filter>
    </ClCompile>
    <ClCompile Include="src\Entity.cpp">
      <Filter>src\ecs</Filter>
    </ClCompile>
    <ClCompile Include="src\MeshManager.cpp">
      <Filter>src\managers</Filter>
    </ClCompile>
    <ClCompile Include="src\Components.cpp">
      <Filter>src\ecs</Filter>
    </ClCompile>
    <ClCompile Include="src\Renderer.cpp">
      <Filter>src\managers</Filter>
    </ClCompile>
  </ItemGroup>
  <ItemGroup>
    <ClInclude Include="pch\pch.h">
      <Filter>pch</Filter>
    </ClInclude>
    <ClInclude Include="include\pawnengine.h">
      <Filter>include</Filter>
    </ClInclude>
    <ClInclude Include="src\Layer.h">
      <Filter>src\layers</Filter>
    </ClInclude>
    <ClInclude Include="src\LayerList.h">
      <Filter>src\layers</Filter>
    </ClInclude>
    <ClInclude Include="src\Scene.h">
      <Filter>src\ecs</Filter>
    </ClInclude>
    <ClInclude Include="src\Components.h">
      <Filter>src\ecs</Filter>
    </ClInclude>
    <ClInclude Include="src\Entity.h">
      <Filter>src\ecs</Filter>
    </ClInclude>
    <ClInclude Include="src\MeshManager.h">
      <Filter>src\managers</Filter>
    </ClInclude>
    <ClInclude Include="src\Renderer.h">
      <Filter>src\managers</Filter>
    </ClInclude>
  </ItemGroup>
</Project>